// !$*UTF8*$!
{
	archiveVersion = 1;
	classes = {
	};
	objectVersion = 56;
	objects = {

/* Begin PBXBuildFile section */
		8F383D6F2CAFCE5C00E87429 /* ContentViewViewModel.swift in Sources */ = {isa = PBXBuildFile; fileRef = 8F383D6E2CAFCE5C00E87429 /* ContentViewViewModel.swift */; };
		8F383D712CB0010800E87429 /* DebugAuthView.swift in Sources */ = {isa = PBXBuildFile; fileRef = 8F383D702CB0010800E87429 /* DebugAuthView.swift */; };
		8F383D732CB0414B00E87429 /* ErrorManager.swift in Sources */ = {isa = PBXBuildFile; fileRef = 8F383D722CB0414B00E87429 /* ErrorManager.swift */; };
		8F383D762CB058AB00E87429 /* ResumeLearnViewModel.swift in Sources */ = {isa = PBXBuildFile; fileRef = 8F383D752CB058AB00E87429 /* ResumeLearnViewModel.swift */; };
		8F383D782CB05A4400E87429 /* ViewModel.swift in Sources */ = {isa = PBXBuildFile; fileRef = 8F383D772CB05A4400E87429 /* ViewModel.swift */; };
		8F383D7A2CB0FBA400E87429 /* SignUpView.swift in Sources */ = {isa = PBXBuildFile; fileRef = 8F383D792CB0FBA400E87429 /* SignUpView.swift */; };
		8F383D7C2CB12D6000E87429 /* AuthMainView.swift in Sources */ = {isa = PBXBuildFile; fileRef = 8F383D7B2CB12D6000E87429 /* AuthMainView.swift */; };
		8F383D7F2CB15A7800E87429 /* SignInViewModel.swift in Sources */ = {isa = PBXBuildFile; fileRef = 8F383D7E2CB15A7800E87429 /* SignInViewModel.swift */; };
		8F383D832CB3007A00E87429 /* TestfieldStyles.swift in Sources */ = {isa = PBXBuildFile; fileRef = 8F383D822CB3007A00E87429 /* TestfieldStyles.swift */; };
		8F383D852CB30C7C00E87429 /* DefaultTextField.swift in Sources */ = {isa = PBXBuildFile; fileRef = 8F383D842CB30C7C00E87429 /* DefaultTextField.swift */; };
		8F383D8C2CB34E0900E87429 /* ButtonStyles.swift in Sources */ = {isa = PBXBuildFile; fileRef = 8F383D8B2CB34E0900E87429 /* ButtonStyles.swift */; };
		8F383D8E2CB3EDD600E87429 /* SignUpViewModel.swift in Sources */ = {isa = PBXBuildFile; fileRef = 8F383D8D2CB3EDD600E87429 /* SignUpViewModel.swift */; };
		8F383D902CB4013400E87429 /* Coordinator.swift in Sources */ = {isa = PBXBuildFile; fileRef = 8F383D8F2CB4013400E87429 /* Coordinator.swift */; };
		8F383D922CB4992F00E87429 /* MainQuickAddView.swift in Sources */ = {isa = PBXBuildFile; fileRef = 8F383D912CB4992F00E87429 /* MainQuickAddView.swift */; };
		8F383D942CB49B5200E87429 /* MainEditView.swift in Sources */ = {isa = PBXBuildFile; fileRef = 8F383D932CB49B5200E87429 /* MainEditView.swift */; };
		8F383D962CB49D4E00E87429 /* ProfileNavigationBarButton.swift in Sources */ = {isa = PBXBuildFile; fileRef = 8F383D952CB49D4E00E87429 /* ProfileNavigationBarButton.swift */; };
		8F383D992CB51C6A00E87429 /* Image+ImageName.swift in Sources */ = {isa = PBXBuildFile; fileRef = 8F383D982CB51C6A00E87429 /* Image+ImageName.swift */; };
		8F9000632CAD5874005C7822 /* MatchermindApp.swift in Sources */ = {isa = PBXBuildFile; fileRef = 8F9000622CAD5874005C7822 /* MatchermindApp.swift */; };
		8F9000652CAD5874005C7822 /* ContentView.swift in Sources */ = {isa = PBXBuildFile; fileRef = 8F9000642CAD5874005C7822 /* ContentView.swift */; };
		8F9000672CAD5876005C7822 /* Assets.xcassets in Resources */ = {isa = PBXBuildFile; fileRef = 8F9000662CAD5876005C7822 /* Assets.xcassets */; };
		8F90006B2CAD5876005C7822 /* Preview Assets.xcassets in Resources */ = {isa = PBXBuildFile; fileRef = 8F90006A2CAD5876005C7822 /* Preview Assets.xcassets */; };
		8F9000752CAD5876005C7822 /* MatchermindTests.swift in Sources */ = {isa = PBXBuildFile; fileRef = 8F9000742CAD5876005C7822 /* MatchermindTests.swift */; };
		8F90007F2CAD5876005C7822 /* MatchermindUITests.swift in Sources */ = {isa = PBXBuildFile; fileRef = 8F90007E2CAD5876005C7822 /* MatchermindUITests.swift */; };
		8F9000812CAD5876005C7822 /* MatchermindUITestsLaunchTests.swift in Sources */ = {isa = PBXBuildFile; fileRef = 8F9000802CAD5876005C7822 /* MatchermindUITestsLaunchTests.swift */; };
		8F90008E2CAD76DB005C7822 /* GoogleService-Info.plist in Resources */ = {isa = PBXBuildFile; fileRef = 8F90008D2CAD76DA005C7822 /* GoogleService-Info.plist */; };
		8F9000922CAD7EF0005C7822 /* FirebaseAuth in Frameworks */ = {isa = PBXBuildFile; productRef = 8F9000912CAD7EF0005C7822 /* FirebaseAuth */; };
		8F9000942CAD7F00005C7822 /* FirebaseFirestore in Frameworks */ = {isa = PBXBuildFile; productRef = 8F9000932CAD7F00005C7822 /* FirebaseFirestore */; };
		8F9000982CAD887A005C7822 /* MainTabBar.swift in Sources */ = {isa = PBXBuildFile; fileRef = 8F9000972CAD887A005C7822 /* MainTabBar.swift */; };
		8F90009C2CAD8C2D005C7822 /* TabItem.swift in Sources */ = {isa = PBXBuildFile; fileRef = 8F90009B2CAD8C2D005C7822 /* TabItem.swift */; };
		8F90009F2CADB43E005C7822 /* AuthService.swift in Sources */ = {isa = PBXBuildFile; fileRef = 8F90009E2CADB43E005C7822 /* AuthService.swift */; };
		8F9000A22CADF13B005C7822 /* SignInView.swift in Sources */ = {isa = PBXBuildFile; fileRef = 8F9000A12CADF13B005C7822 /* SignInView.swift */; };
		8F9000A52CAE0CC4005C7822 /* NavLink.swift in Sources */ = {isa = PBXBuildFile; fileRef = 8F9000A42CAE0CC4005C7822 /* NavLink.swift */; };
		8F9000AA2CAE85C9005C7822 /* MainLearnView.swift in Sources */ = {isa = PBXBuildFile; fileRef = 8F9000A92CAE85C8005C7822 /* MainLearnView.swift */; };
		8F9000AD2CAE9763005C7822 /* ProfileView.swift in Sources */ = {isa = PBXBuildFile; fileRef = 8F9000AC2CAE9763005C7822 /* ProfileView.swift */; };
		8F9000AF2CAECE45005C7822 /* ResumeLearnView.swift in Sources */ = {isa = PBXBuildFile; fileRef = 8F9000AE2CAECE45005C7822 /* ResumeLearnView.swift */; };
		8F9000B12CAECEB6005C7822 /* StartNewLearnView.swift in Sources */ = {isa = PBXBuildFile; fileRef = 8F9000B02CAECEB5005C7822 /* StartNewLearnView.swift */; };
		8F9000B32CAEF791005C7822 /* LoadingView.swift in Sources */ = {isa = PBXBuildFile; fileRef = 8F9000B22CAEF791005C7822 /* LoadingView.swift */; };
		8F9A42DD2CB96076007B4D48 /* ModulePreload.swift in Sources */ = {isa = PBXBuildFile; fileRef = 8F9A42DC2CB96076007B4D48 /* ModulePreload.swift */; };
		8F9A42DF2CB968DF007B4D48 /* Exercise.swift in Sources */ = {isa = PBXBuildFile; fileRef = 8F9A42DE2CB968DF007B4D48 /* Exercise.swift */; };
		8F9A42E12CB96945007B4D48 /* WordPair.swift in Sources */ = {isa = PBXBuildFile; fileRef = 8F9A42E02CB96945007B4D48 /* WordPair.swift */; };
		8F9A42E32CB969A0007B4D48 /* LearnedWord.swift in Sources */ = {isa = PBXBuildFile; fileRef = 8F9A42E22CB969A0007B4D48 /* LearnedWord.swift */; };
		8F9A42E52CB96A08007B4D48 /* TopicPreload.swift in Sources */ = {isa = PBXBuildFile; fileRef = 8F9A42E42CB96A08007B4D48 /* TopicPreload.swift */; };
		8F9A42E72CB96A5F007B4D48 /* Topic.swift in Sources */ = {isa = PBXBuildFile; fileRef = 8F9A42E62CB96A5F007B4D48 /* Topic.swift */; };
		8F9A42E92CB96ADD007B4D48 /* Module.swift in Sources */ = {isa = PBXBuildFile; fileRef = 8F9A42E82CB96ADD007B4D48 /* Module.swift */; };
/* End PBXBuildFile section */

/* Begin PBXContainerItemProxy section */
		8F9000712CAD5876005C7822 /* PBXContainerItemProxy */ = {
			isa = PBXContainerItemProxy;
			containerPortal = 8F9000572CAD5874005C7822 /* Project object */;
			proxyType = 1;
			remoteGlobalIDString = 8F90005E2CAD5874005C7822;
			remoteInfo = Matchermind;
		};
		8F90007B2CAD5876005C7822 /* PBXContainerItemProxy */ = {
			isa = PBXContainerItemProxy;
			containerPortal = 8F9000572CAD5874005C7822 /* Project object */;
			proxyType = 1;
			remoteGlobalIDString = 8F90005E2CAD5874005C7822;
			remoteInfo = Matchermind;
		};
/* End PBXContainerItemProxy section */

/* Begin PBXFileReference section */
		8F383D6E2CAFCE5C00E87429 /* ContentViewViewModel.swift */ = {isa = PBXFileReference; lastKnownFileType = sourcecode.swift; path = ContentViewViewModel.swift; sourceTree = "<group>"; };
		8F383D702CB0010800E87429 /* DebugAuthView.swift */ = {isa = PBXFileReference; lastKnownFileType = sourcecode.swift; path = DebugAuthView.swift; sourceTree = "<group>"; };
		8F383D722CB0414B00E87429 /* ErrorManager.swift */ = {isa = PBXFileReference; lastKnownFileType = sourcecode.swift; path = ErrorManager.swift; sourceTree = "<group>"; };
		8F383D752CB058AB00E87429 /* ResumeLearnViewModel.swift */ = {isa = PBXFileReference; lastKnownFileType = sourcecode.swift; path = ResumeLearnViewModel.swift; sourceTree = "<group>"; };
		8F383D772CB05A4400E87429 /* ViewModel.swift */ = {isa = PBXFileReference; lastKnownFileType = sourcecode.swift; path = ViewModel.swift; sourceTree = "<group>"; };
		8F383D792CB0FBA400E87429 /* SignUpView.swift */ = {isa = PBXFileReference; lastKnownFileType = sourcecode.swift; path = SignUpView.swift; sourceTree = "<group>"; };
		8F383D7B2CB12D6000E87429 /* AuthMainView.swift */ = {isa = PBXFileReference; lastKnownFileType = sourcecode.swift; path = AuthMainView.swift; sourceTree = "<group>"; };
		8F383D7E2CB15A7800E87429 /* SignInViewModel.swift */ = {isa = PBXFileReference; lastKnownFileType = sourcecode.swift; path = SignInViewModel.swift; sourceTree = "<group>"; };
		8F383D822CB3007A00E87429 /* TestfieldStyles.swift */ = {isa = PBXFileReference; lastKnownFileType = sourcecode.swift; path = TestfieldStyles.swift; sourceTree = "<group>"; };
		8F383D842CB30C7C00E87429 /* DefaultTextField.swift */ = {isa = PBXFileReference; lastKnownFileType = sourcecode.swift; path = DefaultTextField.swift; sourceTree = "<group>"; };
		8F383D8B2CB34E0900E87429 /* ButtonStyles.swift */ = {isa = PBXFileReference; lastKnownFileType = sourcecode.swift; path = ButtonStyles.swift; sourceTree = "<group>"; };
		8F383D8D2CB3EDD600E87429 /* SignUpViewModel.swift */ = {isa = PBXFileReference; lastKnownFileType = sourcecode.swift; path = SignUpViewModel.swift; sourceTree = "<group>"; };
		8F383D8F2CB4013400E87429 /* Coordinator.swift */ = {isa = PBXFileReference; lastKnownFileType = sourcecode.swift; path = Coordinator.swift; sourceTree = "<group>"; };
		8F383D912CB4992F00E87429 /* MainQuickAddView.swift */ = {isa = PBXFileReference; lastKnownFileType = sourcecode.swift; path = MainQuickAddView.swift; sourceTree = "<group>"; };
		8F383D932CB49B5200E87429 /* MainEditView.swift */ = {isa = PBXFileReference; lastKnownFileType = sourcecode.swift; path = MainEditView.swift; sourceTree = "<group>"; };
		8F383D952CB49D4E00E87429 /* ProfileNavigationBarButton.swift */ = {isa = PBXFileReference; lastKnownFileType = sourcecode.swift; path = ProfileNavigationBarButton.swift; sourceTree = "<group>"; };
		8F383D982CB51C6A00E87429 /* Image+ImageName.swift */ = {isa = PBXFileReference; lastKnownFileType = sourcecode.swift; path = "Image+ImageName.swift"; sourceTree = "<group>"; };
		8F90005F2CAD5874005C7822 /* Matchermind.app */ = {isa = PBXFileReference; explicitFileType = wrapper.application; includeInIndex = 0; path = Matchermind.app; sourceTree = BUILT_PRODUCTS_DIR; };
		8F9000622CAD5874005C7822 /* MatchermindApp.swift */ = {isa = PBXFileReference; lastKnownFileType = sourcecode.swift; path = MatchermindApp.swift; sourceTree = "<group>"; };
		8F9000642CAD5874005C7822 /* ContentView.swift */ = {isa = PBXFileReference; lastKnownFileType = sourcecode.swift; path = ContentView.swift; sourceTree = "<group>"; };
		8F9000662CAD5876005C7822 /* Assets.xcassets */ = {isa = PBXFileReference; lastKnownFileType = folder.assetcatalog; path = Assets.xcassets; sourceTree = "<group>"; };
		8F9000682CAD5876005C7822 /* Matchermind.entitlements */ = {isa = PBXFileReference; lastKnownFileType = text.plist.entitlements; path = Matchermind.entitlements; sourceTree = "<group>"; };
		8F90006A2CAD5876005C7822 /* Preview Assets.xcassets */ = {isa = PBXFileReference; lastKnownFileType = folder.assetcatalog; path = "Preview Assets.xcassets"; sourceTree = "<group>"; };
		8F9000702CAD5876005C7822 /* MatchermindTests.xctest */ = {isa = PBXFileReference; explicitFileType = wrapper.cfbundle; includeInIndex = 0; path = MatchermindTests.xctest; sourceTree = BUILT_PRODUCTS_DIR; };
		8F9000742CAD5876005C7822 /* MatchermindTests.swift */ = {isa = PBXFileReference; lastKnownFileType = sourcecode.swift; path = MatchermindTests.swift; sourceTree = "<group>"; };
		8F90007A2CAD5876005C7822 /* MatchermindUITests.xctest */ = {isa = PBXFileReference; explicitFileType = wrapper.cfbundle; includeInIndex = 0; path = MatchermindUITests.xctest; sourceTree = BUILT_PRODUCTS_DIR; };
		8F90007E2CAD5876005C7822 /* MatchermindUITests.swift */ = {isa = PBXFileReference; lastKnownFileType = sourcecode.swift; path = MatchermindUITests.swift; sourceTree = "<group>"; };
		8F9000802CAD5876005C7822 /* MatchermindUITestsLaunchTests.swift */ = {isa = PBXFileReference; lastKnownFileType = sourcecode.swift; path = MatchermindUITestsLaunchTests.swift; sourceTree = "<group>"; };
		8F90008D2CAD76DA005C7822 /* GoogleService-Info.plist */ = {isa = PBXFileReference; fileEncoding = 4; lastKnownFileType = text.plist.xml; path = "GoogleService-Info.plist"; sourceTree = "<group>"; };
		8F9000972CAD887A005C7822 /* MainTabBar.swift */ = {isa = PBXFileReference; lastKnownFileType = sourcecode.swift; path = MainTabBar.swift; sourceTree = "<group>"; };
		8F90009B2CAD8C2D005C7822 /* TabItem.swift */ = {isa = PBXFileReference; lastKnownFileType = sourcecode.swift; path = TabItem.swift; sourceTree = "<group>"; };
		8F90009E2CADB43E005C7822 /* AuthService.swift */ = {isa = PBXFileReference; lastKnownFileType = sourcecode.swift; path = AuthService.swift; sourceTree = "<group>"; };
		8F9000A12CADF13B005C7822 /* SignInView.swift */ = {isa = PBXFileReference; lastKnownFileType = sourcecode.swift; path = SignInView.swift; sourceTree = "<group>"; };
		8F9000A42CAE0CC4005C7822 /* NavLink.swift */ = {isa = PBXFileReference; lastKnownFileType = sourcecode.swift; path = NavLink.swift; sourceTree = "<group>"; };
		8F9000A92CAE85C8005C7822 /* MainLearnView.swift */ = {isa = PBXFileReference; lastKnownFileType = sourcecode.swift; path = MainLearnView.swift; sourceTree = "<group>"; };
		8F9000AC2CAE9763005C7822 /* ProfileView.swift */ = {isa = PBXFileReference; lastKnownFileType = sourcecode.swift; path = ProfileView.swift; sourceTree = "<group>"; };
		8F9000AE2CAECE45005C7822 /* ResumeLearnView.swift */ = {isa = PBXFileReference; lastKnownFileType = sourcecode.swift; path = ResumeLearnView.swift; sourceTree = "<group>"; };
		8F9000B02CAECEB5005C7822 /* StartNewLearnView.swift */ = {isa = PBXFileReference; lastKnownFileType = sourcecode.swift; path = StartNewLearnView.swift; sourceTree = "<group>"; };
		8F9000B22CAEF791005C7822 /* LoadingView.swift */ = {isa = PBXFileReference; lastKnownFileType = sourcecode.swift; path = LoadingView.swift; sourceTree = "<group>"; };
		8F9A42DC2CB96076007B4D48 /* ModulePreload.swift */ = {isa = PBXFileReference; lastKnownFileType = sourcecode.swift; path = ModulePreload.swift; sourceTree = "<group>"; };
		8F9A42DE2CB968DF007B4D48 /* Exercise.swift */ = {isa = PBXFileReference; lastKnownFileType = sourcecode.swift; path = Exercise.swift; sourceTree = "<group>"; };
		8F9A42E02CB96945007B4D48 /* WordPair.swift */ = {isa = PBXFileReference; lastKnownFileType = sourcecode.swift; path = WordPair.swift; sourceTree = "<group>"; };
		8F9A42E22CB969A0007B4D48 /* LearnedWord.swift */ = {isa = PBXFileReference; lastKnownFileType = sourcecode.swift; path = LearnedWord.swift; sourceTree = "<group>"; };
		8F9A42E42CB96A08007B4D48 /* TopicPreload.swift */ = {isa = PBXFileReference; lastKnownFileType = sourcecode.swift; path = TopicPreload.swift; sourceTree = "<group>"; };
		8F9A42E62CB96A5F007B4D48 /* Topic.swift */ = {isa = PBXFileReference; lastKnownFileType = sourcecode.swift; path = Topic.swift; sourceTree = "<group>"; };
		8F9A42E82CB96ADD007B4D48 /* Module.swift */ = {isa = PBXFileReference; lastKnownFileType = sourcecode.swift; path = Module.swift; sourceTree = "<group>"; };
/* End PBXFileReference section */

/* Begin PBXFrameworksBuildPhase section */
		8F90005C2CAD5874005C7822 /* Frameworks */ = {
			isa = PBXFrameworksBuildPhase;
			buildActionMask = 2147483647;
			files = (
				8F9000922CAD7EF0005C7822 /* FirebaseAuth in Frameworks */,
				8F9000942CAD7F00005C7822 /* FirebaseFirestore in Frameworks */,
			);
			runOnlyForDeploymentPostprocessing = 0;
		};
		8F90006D2CAD5876005C7822 /* Frameworks */ = {
			isa = PBXFrameworksBuildPhase;
			buildActionMask = 2147483647;
			files = (
			);
			runOnlyForDeploymentPostprocessing = 0;
		};
		8F9000772CAD5876005C7822 /* Frameworks */ = {
			isa = PBXFrameworksBuildPhase;
			buildActionMask = 2147483647;
			files = (
			);
			runOnlyForDeploymentPostprocessing = 0;
		};
/* End PBXFrameworksBuildPhase section */

/* Begin PBXGroup section */
		8F383D6D2CAFCE1600E87429 /* ContentView */ = {
			isa = PBXGroup;
			children = (
				8F383D6E2CAFCE5C00E87429 /* ContentViewViewModel.swift */,
				8F9000642CAD5874005C7822 /* ContentView.swift */,
				8F383D702CB0010800E87429 /* DebugAuthView.swift */,
			);
			path = ContentView;
			sourceTree = "<group>";
		};
		8F383D742CB0589200E87429 /* ResumeLearn */ = {
			isa = PBXGroup;
			children = (
				8F9000AE2CAECE45005C7822 /* ResumeLearnView.swift */,
				8F383D752CB058AB00E87429 /* ResumeLearnViewModel.swift */,
			);
			path = ResumeLearn;
			sourceTree = "<group>";
		};
		8F383D7D2CB159B000E87429 /* SignIn */ = {
			isa = PBXGroup;
			children = (
				8F9000A12CADF13B005C7822 /* SignInView.swift */,
				8F383D7E2CB15A7800E87429 /* SignInViewModel.swift */,
			);
			path = SignIn;
			sourceTree = "<group>";
		};
		8F383D812CB2FFFD00E87429 /* Styles */ = {
			isa = PBXGroup;
			children = (
				8F383D822CB3007A00E87429 /* TestfieldStyles.swift */,
				8F383D8B2CB34E0900E87429 /* ButtonStyles.swift */,
			);
			path = Styles;
			sourceTree = "<group>";
		};
		8F383D862CB3461500E87429 /* SignUp */ = {
			isa = PBXGroup;
			children = (
				8F383D792CB0FBA400E87429 /* SignUpView.swift */,
				8F383D8D2CB3EDD600E87429 /* SignUpViewModel.swift */,
			);
			path = SignUp;
			sourceTree = "<group>";
		};
		8F383D972CB51C3800E87429 /* Extensions */ = {
			isa = PBXGroup;
			children = (
				8F383D982CB51C6A00E87429 /* Image+ImageName.swift */,
			);
			path = Extensions;
			sourceTree = "<group>";
		};
		8F9000562CAD5874005C7822 = {
			isa = PBXGroup;
			children = (
				8F9000612CAD5874005C7822 /* Matchermind */,
				8F9000732CAD5876005C7822 /* MatchermindTests */,
				8F90007D2CAD5876005C7822 /* MatchermindUITests */,
				8F9000602CAD5874005C7822 /* Products */,
				8F9000902CAD7EF0005C7822 /* Frameworks */,
			);
			sourceTree = "<group>";
		};
		8F9000602CAD5874005C7822 /* Products */ = {
			isa = PBXGroup;
			children = (
				8F90005F2CAD5874005C7822 /* Matchermind.app */,
				8F9000702CAD5876005C7822 /* MatchermindTests.xctest */,
				8F90007A2CAD5876005C7822 /* MatchermindUITests.xctest */,
			);
			name = Products;
			sourceTree = "<group>";
		};
		8F9000612CAD5874005C7822 /* Matchermind */ = {
			isa = PBXGroup;
			children = (
				8F9000A32CAE0CAD005C7822 /* Models */,
				8F9000622CAD5874005C7822 /* MatchermindApp.swift */,
				8F9000992CAD8B3A005C7822 /* Ui */,
				8F90009D2CADA174005C7822 /* Services */,
				8F383D972CB51C3800E87429 /* Extensions */,
				8F9000662CAD5876005C7822 /* Assets.xcassets */,
				8F9000682CAD5876005C7822 /* Matchermind.entitlements */,
				8F90008D2CAD76DA005C7822 /* GoogleService-Info.plist */,
				8F9000692CAD5876005C7822 /* Preview Content */,
			);
			path = Matchermind;
			sourceTree = "<group>";
		};
		8F9000692CAD5876005C7822 /* Preview Content */ = {
			isa = PBXGroup;
			children = (
				8F90006A2CAD5876005C7822 /* Preview Assets.xcassets */,
			);
			path = "Preview Content";
			sourceTree = "<group>";
		};
		8F9000732CAD5876005C7822 /* MatchermindTests */ = {
			isa = PBXGroup;
			children = (
				8F9000742CAD5876005C7822 /* MatchermindTests.swift */,
			);
			path = MatchermindTests;
			sourceTree = "<group>";
		};
		8F90007D2CAD5876005C7822 /* MatchermindUITests */ = {
			isa = PBXGroup;
			children = (
				8F90007E2CAD5876005C7822 /* MatchermindUITests.swift */,
				8F9000802CAD5876005C7822 /* MatchermindUITestsLaunchTests.swift */,
			);
			path = MatchermindUITests;
			sourceTree = "<group>";
		};
		8F9000902CAD7EF0005C7822 /* Frameworks */ = {
			isa = PBXGroup;
			children = (
			);
			name = Frameworks;
			sourceTree = "<group>";
		};
		8F9000952CAD8851005C7822 /* Flows */ = {
			isa = PBXGroup;
			children = (
				8F9000A62CAE8503005C7822 /* LearnFlow */,
				8F9000A72CAE8510005C7822 /* QuickAddFlow */,
				8F9000A82CAE853A005C7822 /* EditFlow */,
				8F9000A02CADF11D005C7822 /* AuthFlow */,
				8F9000AB2CAE96F1005C7822 /* ProfileFlow */,
				8F9000962CAD885F005C7822 /* MainTabBar */,
			);
			path = Flows;
			sourceTree = "<group>";
		};
		8F9000962CAD885F005C7822 /* MainTabBar */ = {
			isa = PBXGroup;
			children = (
				8F9000972CAD887A005C7822 /* MainTabBar.swift */,
			);
			path = MainTabBar;
			sourceTree = "<group>";
		};
		8F9000992CAD8B3A005C7822 /* Ui */ = {
			isa = PBXGroup;
			children = (
				8F90009A2CAD8B45005C7822 /* Common */,
				8F9000952CAD8851005C7822 /* Flows */,
			);
			path = Ui;
			sourceTree = "<group>";
		};
		8F90009A2CAD8B45005C7822 /* Common */ = {
			isa = PBXGroup;
			children = (
				8F90009B2CAD8C2D005C7822 /* TabItem.swift */,
				8F383D842CB30C7C00E87429 /* DefaultTextField.swift */,
				8F383D6D2CAFCE1600E87429 /* ContentView */,
				8F383D812CB2FFFD00E87429 /* Styles */,
				8F9000B22CAEF791005C7822 /* LoadingView.swift */,
				8F383D772CB05A4400E87429 /* ViewModel.swift */,
				8F383D952CB49D4E00E87429 /* ProfileNavigationBarButton.swift */,
			);
			path = Common;
			sourceTree = "<group>";
		};
		8F90009D2CADA174005C7822 /* Services */ = {
			isa = PBXGroup;
			children = (
				8F90009E2CADB43E005C7822 /* AuthService.swift */,
				8F383D722CB0414B00E87429 /* ErrorManager.swift */,
				8F383D8F2CB4013400E87429 /* Coordinator.swift */,
			);
			path = Services;
			sourceTree = "<group>";
		};
		8F9000A02CADF11D005C7822 /* AuthFlow */ = {
			isa = PBXGroup;
			children = (
				8F383D7B2CB12D6000E87429 /* AuthMainView.swift */,
				8F383D7D2CB159B000E87429 /* SignIn */,
				8F383D862CB3461500E87429 /* SignUp */,
			);
			path = AuthFlow;
			sourceTree = "<group>";
		};
		8F9000A32CAE0CAD005C7822 /* Models */ = {
			isa = PBXGroup;
			children = (
				8F9000A42CAE0CC4005C7822 /* NavLink.swift */,
				8F9A42DC2CB96076007B4D48 /* ModulePreload.swift */,
				8F9A42DE2CB968DF007B4D48 /* Exercise.swift */,
				8F9A42E02CB96945007B4D48 /* WordPair.swift */,
				8F9A42E22CB969A0007B4D48 /* LearnedWord.swift */,
				8F9A42E42CB96A08007B4D48 /* TopicPreload.swift */,
				8F9A42E62CB96A5F007B4D48 /* Topic.swift */,
				8F9A42E82CB96ADD007B4D48 /* Module.swift */,
			);
			path = Models;
			sourceTree = "<group>";
		};
		8F9000A62CAE8503005C7822 /* LearnFlow */ = {
			isa = PBXGroup;
			children = (
				8F9000A92CAE85C8005C7822 /* MainLearnView.swift */,
				8F383D742CB0589200E87429 /* ResumeLearn */,
				8F9000B02CAECEB5005C7822 /* StartNewLearnView.swift */,
			);
			path = LearnFlow;
			sourceTree = "<group>";
		};
		8F9000A72CAE8510005C7822 /* QuickAddFlow */ = {
			isa = PBXGroup;
			children = (
				8F383D912CB4992F00E87429 /* MainQuickAddView.swift */,
			);
			path = QuickAddFlow;
			sourceTree = "<group>";
		};
		8F9000A82CAE853A005C7822 /* EditFlow */ = {
			isa = PBXGroup;
			children = (
				8F383D932CB49B5200E87429 /* MainEditView.swift */,
			);
			path = EditFlow;
			sourceTree = "<group>";
		};
		8F9000AB2CAE96F1005C7822 /* ProfileFlow */ = {
			isa = PBXGroup;
			children = (
				8F9000AC2CAE9763005C7822 /* ProfileView.swift */,
			);
			path = ProfileFlow;
			sourceTree = "<group>";
		};
/* End PBXGroup section */

/* Begin PBXNativeTarget section */
		8F90005E2CAD5874005C7822 /* Matchermind */ = {
			isa = PBXNativeTarget;
			buildConfigurationList = 8F9000842CAD5876005C7822 /* Build configuration list for PBXNativeTarget "Matchermind" */;
			buildPhases = (
				8F90005B2CAD5874005C7822 /* Sources */,
				8F90005C2CAD5874005C7822 /* Frameworks */,
				8F90005D2CAD5874005C7822 /* Resources */,
			);
			buildRules = (
			);
			dependencies = (
			);
			name = Matchermind;
			packageProductDependencies = (
				8F9000912CAD7EF0005C7822 /* FirebaseAuth */,
				8F9000932CAD7F00005C7822 /* FirebaseFirestore */,
			);
			productName = Matchermind;
			productReference = 8F90005F2CAD5874005C7822 /* Matchermind.app */;
			productType = "com.apple.product-type.application";
		};
		8F90006F2CAD5876005C7822 /* MatchermindTests */ = {
			isa = PBXNativeTarget;
			buildConfigurationList = 8F9000872CAD5876005C7822 /* Build configuration list for PBXNativeTarget "MatchermindTests" */;
			buildPhases = (
				8F90006C2CAD5876005C7822 /* Sources */,
				8F90006D2CAD5876005C7822 /* Frameworks */,
				8F90006E2CAD5876005C7822 /* Resources */,
			);
			buildRules = (
			);
			dependencies = (
				8F9000722CAD5876005C7822 /* PBXTargetDependency */,
			);
			name = MatchermindTests;
			productName = MatchermindTests;
			productReference = 8F9000702CAD5876005C7822 /* MatchermindTests.xctest */;
			productType = "com.apple.product-type.bundle.unit-test";
		};
		8F9000792CAD5876005C7822 /* MatchermindUITests */ = {
			isa = PBXNativeTarget;
			buildConfigurationList = 8F90008A2CAD5876005C7822 /* Build configuration list for PBXNativeTarget "MatchermindUITests" */;
			buildPhases = (
				8F9000762CAD5876005C7822 /* Sources */,
				8F9000772CAD5876005C7822 /* Frameworks */,
				8F9000782CAD5876005C7822 /* Resources */,
			);
			buildRules = (
			);
			dependencies = (
				8F90007C2CAD5876005C7822 /* PBXTargetDependency */,
			);
			name = MatchermindUITests;
			productName = MatchermindUITests;
			productReference = 8F90007A2CAD5876005C7822 /* MatchermindUITests.xctest */;
			productType = "com.apple.product-type.bundle.ui-testing";
		};
/* End PBXNativeTarget section */

/* Begin PBXProject section */
		8F9000572CAD5874005C7822 /* Project object */ = {
			isa = PBXProject;
			attributes = {
				BuildIndependentTargetsInParallel = 1;
				LastSwiftUpdateCheck = 1540;
				LastUpgradeCheck = 1540;
				TargetAttributes = {
					8F90005E2CAD5874005C7822 = {
						CreatedOnToolsVersion = 15.4;
					};
					8F90006F2CAD5876005C7822 = {
						CreatedOnToolsVersion = 15.4;
						TestTargetID = 8F90005E2CAD5874005C7822;
					};
					8F9000792CAD5876005C7822 = {
						CreatedOnToolsVersion = 15.4;
						TestTargetID = 8F90005E2CAD5874005C7822;
					};
				};
			};
			buildConfigurationList = 8F90005A2CAD5874005C7822 /* Build configuration list for PBXProject "Matchermind" */;
			compatibilityVersion = "Xcode 14.0";
			developmentRegion = en;
			hasScannedForEncodings = 0;
			knownRegions = (
				en,
				Base,
			);
			mainGroup = 8F9000562CAD5874005C7822;
			packageReferences = (
				8F90008F2CAD794C005C7822 /* XCRemoteSwiftPackageReference "firebase-ios-sdk" */,
			);
			productRefGroup = 8F9000602CAD5874005C7822 /* Products */;
			projectDirPath = "";
			projectRoot = "";
			targets = (
				8F90005E2CAD5874005C7822 /* Matchermind */,
				8F90006F2CAD5876005C7822 /* MatchermindTests */,
				8F9000792CAD5876005C7822 /* MatchermindUITests */,
			);
		};
/* End PBXProject section */

/* Begin PBXResourcesBuildPhase section */
		8F90005D2CAD5874005C7822 /* Resources */ = {
			isa = PBXResourcesBuildPhase;
			buildActionMask = 2147483647;
			files = (
				8F90006B2CAD5876005C7822 /* Preview Assets.xcassets in Resources */,
				8F9000672CAD5876005C7822 /* Assets.xcassets in Resources */,
				8F90008E2CAD76DB005C7822 /* GoogleService-Info.plist in Resources */,
			);
			runOnlyForDeploymentPostprocessing = 0;
		};
		8F90006E2CAD5876005C7822 /* Resources */ = {
			isa = PBXResourcesBuildPhase;
			buildActionMask = 2147483647;
			files = (
			);
			runOnlyForDeploymentPostprocessing = 0;
		};
		8F9000782CAD5876005C7822 /* Resources */ = {
			isa = PBXResourcesBuildPhase;
			buildActionMask = 2147483647;
			files = (
			);
			runOnlyForDeploymentPostprocessing = 0;
		};
/* End PBXResourcesBuildPhase section */

/* Begin PBXSourcesBuildPhase section */
		8F90005B2CAD5874005C7822 /* Sources */ = {
			isa = PBXSourcesBuildPhase;
			buildActionMask = 2147483647;
			files = (
				8F383D7A2CB0FBA400E87429 /* SignUpView.swift in Sources */,
				8F9A42E52CB96A08007B4D48 /* TopicPreload.swift in Sources */,
				8F9A42DD2CB96076007B4D48 /* ModulePreload.swift in Sources */,
				8F9000A22CADF13B005C7822 /* SignInView.swift in Sources */,
				8F383D6F2CAFCE5C00E87429 /* ContentViewViewModel.swift in Sources */,
				8F383D832CB3007A00E87429 /* TestfieldStyles.swift in Sources */,
				8F9A42E72CB96A5F007B4D48 /* Topic.swift in Sources */,
				8F9000AD2CAE9763005C7822 /* ProfileView.swift in Sources */,
				8F383D7F2CB15A7800E87429 /* SignInViewModel.swift in Sources */,
				8F9000AF2CAECE45005C7822 /* ResumeLearnView.swift in Sources */,
				8F383D762CB058AB00E87429 /* ResumeLearnViewModel.swift in Sources */,
				8F383D8C2CB34E0900E87429 /* ButtonStyles.swift in Sources */,
				8F383D712CB0010800E87429 /* DebugAuthView.swift in Sources */,
				8F383D8E2CB3EDD600E87429 /* SignUpViewModel.swift in Sources */,
				8F9A42E32CB969A0007B4D48 /* LearnedWord.swift in Sources */,
				8F383D782CB05A4400E87429 /* ViewModel.swift in Sources */,
				8F9000982CAD887A005C7822 /* MainTabBar.swift in Sources */,
				8F9000A52CAE0CC4005C7822 /* NavLink.swift in Sources */,
				8F9000B32CAEF791005C7822 /* LoadingView.swift in Sources */,
				8F383D922CB4992F00E87429 /* MainQuickAddView.swift in Sources */,
				8F9A42E12CB96945007B4D48 /* WordPair.swift in Sources */,
				8F9000652CAD5874005C7822 /* ContentView.swift in Sources */,
				8F383D942CB49B5200E87429 /* MainEditView.swift in Sources */,
				8F383D962CB49D4E00E87429 /* ProfileNavigationBarButton.swift in Sources */,
				8F9000B12CAECEB6005C7822 /* StartNewLearnView.swift in Sources */,
				8F383D852CB30C7C00E87429 /* DefaultTextField.swift in Sources */,
				8F90009F2CADB43E005C7822 /* AuthService.swift in Sources */,
				8F383D732CB0414B00E87429 /* ErrorManager.swift in Sources */,
				8F9000AA2CAE85C9005C7822 /* MainLearnView.swift in Sources */,
				8F9A42E92CB96ADD007B4D48 /* Module.swift in Sources */,
				8F383D7C2CB12D6000E87429 /* AuthMainView.swift in Sources */,
				8F383D992CB51C6A00E87429 /* Image+ImageName.swift in Sources */,
				8F9A42DF2CB968DF007B4D48 /* Exercise.swift in Sources */,
				8F383D902CB4013400E87429 /* Coordinator.swift in Sources */,
				8F90009C2CAD8C2D005C7822 /* TabItem.swift in Sources */,
				8F9000632CAD5874005C7822 /* MatchermindApp.swift in Sources */,
			);
			runOnlyForDeploymentPostprocessing = 0;
		};
		8F90006C2CAD5876005C7822 /* Sources */ = {
			isa = PBXSourcesBuildPhase;
			buildActionMask = 2147483647;
			files = (
				8F9000752CAD5876005C7822 /* MatchermindTests.swift in Sources */,
			);
			runOnlyForDeploymentPostprocessing = 0;
		};
		8F9000762CAD5876005C7822 /* Sources */ = {
			isa = PBXSourcesBuildPhase;
			buildActionMask = 2147483647;
			files = (
				8F90007F2CAD5876005C7822 /* MatchermindUITests.swift in Sources */,
				8F9000812CAD5876005C7822 /* MatchermindUITestsLaunchTests.swift in Sources */,
			);
			runOnlyForDeploymentPostprocessing = 0;
		};
/* End PBXSourcesBuildPhase section */

/* Begin PBXTargetDependency section */
		8F9000722CAD5876005C7822 /* PBXTargetDependency */ = {
			isa = PBXTargetDependency;
			target = 8F90005E2CAD5874005C7822 /* Matchermind */;
			targetProxy = 8F9000712CAD5876005C7822 /* PBXContainerItemProxy */;
		};
		8F90007C2CAD5876005C7822 /* PBXTargetDependency */ = {
			isa = PBXTargetDependency;
			target = 8F90005E2CAD5874005C7822 /* Matchermind */;
			targetProxy = 8F90007B2CAD5876005C7822 /* PBXContainerItemProxy */;
		};
/* End PBXTargetDependency section */

/* Begin XCBuildConfiguration section */
		8F9000822CAD5876005C7822 /* Debug */ = {
			isa = XCBuildConfiguration;
			buildSettings = {
				ALWAYS_SEARCH_USER_PATHS = NO;
				ASSETCATALOG_COMPILER_GENERATE_SWIFT_ASSET_SYMBOL_EXTENSIONS = YES;
				CLANG_ANALYZER_NONNULL = YES;
				CLANG_ANALYZER_NUMBER_OBJECT_CONVERSION = YES_AGGRESSIVE;
				CLANG_CXX_LANGUAGE_STANDARD = "gnu++20";
				CLANG_ENABLE_MODULES = YES;
				CLANG_ENABLE_OBJC_ARC = YES;
				CLANG_ENABLE_OBJC_WEAK = YES;
				CLANG_WARN_BLOCK_CAPTURE_AUTORELEASING = YES;
				CLANG_WARN_BOOL_CONVERSION = YES;
				CLANG_WARN_COMMA = YES;
				CLANG_WARN_CONSTANT_CONVERSION = YES;
				CLANG_WARN_DEPRECATED_OBJC_IMPLEMENTATIONS = YES;
				CLANG_WARN_DIRECT_OBJC_ISA_USAGE = YES_ERROR;
				CLANG_WARN_DOCUMENTATION_COMMENTS = YES;
				CLANG_WARN_EMPTY_BODY = YES;
				CLANG_WARN_ENUM_CONVERSION = YES;
				CLANG_WARN_INFINITE_RECURSION = YES;
				CLANG_WARN_INT_CONVERSION = YES;
				CLANG_WARN_NON_LITERAL_NULL_CONVERSION = YES;
				CLANG_WARN_OBJC_IMPLICIT_RETAIN_SELF = YES;
				CLANG_WARN_OBJC_LITERAL_CONVERSION = YES;
				CLANG_WARN_OBJC_ROOT_CLASS = YES_ERROR;
				CLANG_WARN_QUOTED_INCLUDE_IN_FRAMEWORK_HEADER = YES;
				CLANG_WARN_RANGE_LOOP_ANALYSIS = YES;
				CLANG_WARN_STRICT_PROTOTYPES = YES;
				CLANG_WARN_SUSPICIOUS_MOVE = YES;
				CLANG_WARN_UNGUARDED_AVAILABILITY = YES_AGGRESSIVE;
				CLANG_WARN_UNREACHABLE_CODE = YES;
				CLANG_WARN__DUPLICATE_METHOD_MATCH = YES;
				COPY_PHASE_STRIP = NO;
				DEBUG_INFORMATION_FORMAT = dwarf;
				ENABLE_STRICT_OBJC_MSGSEND = YES;
				ENABLE_TESTABILITY = YES;
				ENABLE_USER_SCRIPT_SANDBOXING = YES;
				GCC_C_LANGUAGE_STANDARD = gnu17;
				GCC_DYNAMIC_NO_PIC = NO;
				GCC_NO_COMMON_BLOCKS = YES;
				GCC_OPTIMIZATION_LEVEL = 0;
				GCC_PREPROCESSOR_DEFINITIONS = (
					"DEBUG=1",
					"$(inherited)",
				);
				GCC_WARN_64_TO_32_BIT_CONVERSION = YES;
				GCC_WARN_ABOUT_RETURN_TYPE = YES_ERROR;
				GCC_WARN_UNDECLARED_SELECTOR = YES;
				GCC_WARN_UNINITIALIZED_AUTOS = YES_AGGRESSIVE;
				GCC_WARN_UNUSED_FUNCTION = YES;
				GCC_WARN_UNUSED_VARIABLE = YES;
				LOCALIZATION_PREFERS_STRING_CATALOGS = YES;
				MTL_ENABLE_DEBUG_INFO = INCLUDE_SOURCE;
				MTL_FAST_MATH = YES;
				ONLY_ACTIVE_ARCH = YES;
				SWIFT_ACTIVE_COMPILATION_CONDITIONS = "DEBUG $(inherited)";
				SWIFT_OPTIMIZATION_LEVEL = "-Onone";
			};
			name = Debug;
		};
		8F9000832CAD5876005C7822 /* Release */ = {
			isa = XCBuildConfiguration;
			buildSettings = {
				ALWAYS_SEARCH_USER_PATHS = NO;
				ASSETCATALOG_COMPILER_GENERATE_SWIFT_ASSET_SYMBOL_EXTENSIONS = YES;
				CLANG_ANALYZER_NONNULL = YES;
				CLANG_ANALYZER_NUMBER_OBJECT_CONVERSION = YES_AGGRESSIVE;
				CLANG_CXX_LANGUAGE_STANDARD = "gnu++20";
				CLANG_ENABLE_MODULES = YES;
				CLANG_ENABLE_OBJC_ARC = YES;
				CLANG_ENABLE_OBJC_WEAK = YES;
				CLANG_WARN_BLOCK_CAPTURE_AUTORELEASING = YES;
				CLANG_WARN_BOOL_CONVERSION = YES;
				CLANG_WARN_COMMA = YES;
				CLANG_WARN_CONSTANT_CONVERSION = YES;
				CLANG_WARN_DEPRECATED_OBJC_IMPLEMENTATIONS = YES;
				CLANG_WARN_DIRECT_OBJC_ISA_USAGE = YES_ERROR;
				CLANG_WARN_DOCUMENTATION_COMMENTS = YES;
				CLANG_WARN_EMPTY_BODY = YES;
				CLANG_WARN_ENUM_CONVERSION = YES;
				CLANG_WARN_INFINITE_RECURSION = YES;
				CLANG_WARN_INT_CONVERSION = YES;
				CLANG_WARN_NON_LITERAL_NULL_CONVERSION = YES;
				CLANG_WARN_OBJC_IMPLICIT_RETAIN_SELF = YES;
				CLANG_WARN_OBJC_LITERAL_CONVERSION = YES;
				CLANG_WARN_OBJC_ROOT_CLASS = YES_ERROR;
				CLANG_WARN_QUOTED_INCLUDE_IN_FRAMEWORK_HEADER = YES;
				CLANG_WARN_RANGE_LOOP_ANALYSIS = YES;
				CLANG_WARN_STRICT_PROTOTYPES = YES;
				CLANG_WARN_SUSPICIOUS_MOVE = YES;
				CLANG_WARN_UNGUARDED_AVAILABILITY = YES_AGGRESSIVE;
				CLANG_WARN_UNREACHABLE_CODE = YES;
				CLANG_WARN__DUPLICATE_METHOD_MATCH = YES;
				COPY_PHASE_STRIP = NO;
				DEBUG_INFORMATION_FORMAT = "dwarf-with-dsym";
				ENABLE_NS_ASSERTIONS = NO;
				ENABLE_STRICT_OBJC_MSGSEND = YES;
				ENABLE_USER_SCRIPT_SANDBOXING = YES;
				GCC_C_LANGUAGE_STANDARD = gnu17;
				GCC_NO_COMMON_BLOCKS = YES;
				GCC_WARN_64_TO_32_BIT_CONVERSION = YES;
				GCC_WARN_ABOUT_RETURN_TYPE = YES_ERROR;
				GCC_WARN_UNDECLARED_SELECTOR = YES;
				GCC_WARN_UNINITIALIZED_AUTOS = YES_AGGRESSIVE;
				GCC_WARN_UNUSED_FUNCTION = YES;
				GCC_WARN_UNUSED_VARIABLE = YES;
				LOCALIZATION_PREFERS_STRING_CATALOGS = YES;
				MTL_ENABLE_DEBUG_INFO = NO;
				MTL_FAST_MATH = YES;
				SWIFT_COMPILATION_MODE = wholemodule;
			};
			name = Release;
		};
		8F9000852CAD5876005C7822 /* Debug */ = {
			isa = XCBuildConfiguration;
			buildSettings = {
				ASSETCATALOG_COMPILER_APPICON_NAME = AppIcon;
				ASSETCATALOG_COMPILER_GLOBAL_ACCENT_COLOR_NAME = AccentColor;
				CODE_SIGN_ENTITLEMENTS = Matchermind/Matchermind.entitlements;
				CODE_SIGN_STYLE = Automatic;
				CURRENT_PROJECT_VERSION = 1;
				DEVELOPMENT_ASSET_PATHS = "\"Matchermind/Preview Content\"";
				DEVELOPMENT_TEAM = 7C8K3NAH2H;
				ENABLE_HARDENED_RUNTIME = YES;
				ENABLE_PREVIEWS = YES;
				GENERATE_INFOPLIST_FILE = YES;
				"INFOPLIST_KEY_UIApplicationSceneManifest_Generation[sdk=iphoneos*]" = YES;
				"INFOPLIST_KEY_UIApplicationSceneManifest_Generation[sdk=iphonesimulator*]" = YES;
				"INFOPLIST_KEY_UIApplicationSupportsIndirectInputEvents[sdk=iphoneos*]" = YES;
				"INFOPLIST_KEY_UIApplicationSupportsIndirectInputEvents[sdk=iphonesimulator*]" = YES;
				"INFOPLIST_KEY_UILaunchScreen_Generation[sdk=iphoneos*]" = YES;
				"INFOPLIST_KEY_UILaunchScreen_Generation[sdk=iphonesimulator*]" = YES;
				"INFOPLIST_KEY_UIStatusBarStyle[sdk=iphoneos*]" = UIStatusBarStyleDefault;
				"INFOPLIST_KEY_UIStatusBarStyle[sdk=iphonesimulator*]" = UIStatusBarStyleDefault;
				INFOPLIST_KEY_UISupportedInterfaceOrientations_iPad = "UIInterfaceOrientationPortrait UIInterfaceOrientationPortraitUpsideDown UIInterfaceOrientationLandscapeLeft UIInterfaceOrientationLandscapeRight";
				INFOPLIST_KEY_UISupportedInterfaceOrientations_iPhone = "UIInterfaceOrientationPortrait UIInterfaceOrientationLandscapeLeft UIInterfaceOrientationLandscapeRight";
				IPHONEOS_DEPLOYMENT_TARGET = 17.0;
				LD_RUNPATH_SEARCH_PATHS = "@executable_path/Frameworks";
				"LD_RUNPATH_SEARCH_PATHS[sdk=macosx*]" = "@executable_path/../Frameworks";
				MACOSX_DEPLOYMENT_TARGET = 14.5;
				MARKETING_VERSION = 1.0;
				PRODUCT_BUNDLE_IDENTIFIER = sergemi.Matchermind;
				PRODUCT_NAME = "$(TARGET_NAME)";
				SDKROOT = auto;
				SUPPORTED_PLATFORMS = "iphoneos iphonesimulator macosx";
				SUPPORTS_MACCATALYST = NO;
				SUPPORTS_MAC_DESIGNED_FOR_IPHONE_IPAD = YES;
				SWIFT_EMIT_LOC_STRINGS = YES;
				SWIFT_VERSION = 5.0;
				TARGETED_DEVICE_FAMILY = "1,2";
			};
			name = Debug;
		};
		8F9000862CAD5876005C7822 /* Release */ = {
			isa = XCBuildConfiguration;
			buildSettings = {
				ASSETCATALOG_COMPILER_APPICON_NAME = AppIcon;
				ASSETCATALOG_COMPILER_GLOBAL_ACCENT_COLOR_NAME = AccentColor;
				CODE_SIGN_ENTITLEMENTS = Matchermind/Matchermind.entitlements;
				CODE_SIGN_STYLE = Automatic;
				CURRENT_PROJECT_VERSION = 1;
				DEVELOPMENT_ASSET_PATHS = "\"Matchermind/Preview Content\"";
				DEVELOPMENT_TEAM = 7C8K3NAH2H;
				ENABLE_HARDENED_RUNTIME = YES;
				ENABLE_PREVIEWS = YES;
				GENERATE_INFOPLIST_FILE = YES;
				"INFOPLIST_KEY_UIApplicationSceneManifest_Generation[sdk=iphoneos*]" = YES;
				"INFOPLIST_KEY_UIApplicationSceneManifest_Generation[sdk=iphonesimulator*]" = YES;
				"INFOPLIST_KEY_UIApplicationSupportsIndirectInputEvents[sdk=iphoneos*]" = YES;
				"INFOPLIST_KEY_UIApplicationSupportsIndirectInputEvents[sdk=iphonesimulator*]" = YES;
				"INFOPLIST_KEY_UILaunchScreen_Generation[sdk=iphoneos*]" = YES;
				"INFOPLIST_KEY_UILaunchScreen_Generation[sdk=iphonesimulator*]" = YES;
				"INFOPLIST_KEY_UIStatusBarStyle[sdk=iphoneos*]" = UIStatusBarStyleDefault;
				"INFOPLIST_KEY_UIStatusBarStyle[sdk=iphonesimulator*]" = UIStatusBarStyleDefault;
				INFOPLIST_KEY_UISupportedInterfaceOrientations_iPad = "UIInterfaceOrientationPortrait UIInterfaceOrientationPortraitUpsideDown UIInterfaceOrientationLandscapeLeft UIInterfaceOrientationLandscapeRight";
				INFOPLIST_KEY_UISupportedInterfaceOrientations_iPhone = "UIInterfaceOrientationPortrait UIInterfaceOrientationLandscapeLeft UIInterfaceOrientationLandscapeRight";
				IPHONEOS_DEPLOYMENT_TARGET = 17.0;
				LD_RUNPATH_SEARCH_PATHS = "@executable_path/Frameworks";
				"LD_RUNPATH_SEARCH_PATHS[sdk=macosx*]" = "@executable_path/../Frameworks";
				MACOSX_DEPLOYMENT_TARGET = 14.5;
				MARKETING_VERSION = 1.0;
				PRODUCT_BUNDLE_IDENTIFIER = sergemi.Matchermind;
				PRODUCT_NAME = "$(TARGET_NAME)";
				SDKROOT = auto;
				SUPPORTED_PLATFORMS = "iphoneos iphonesimulator macosx";
				SUPPORTS_MACCATALYST = NO;
				SUPPORTS_MAC_DESIGNED_FOR_IPHONE_IPAD = YES;
				SWIFT_EMIT_LOC_STRINGS = YES;
				SWIFT_VERSION = 5.0;
				TARGETED_DEVICE_FAMILY = "1,2";
			};
			name = Release;
		};
		8F9000882CAD5876005C7822 /* Debug */ = {
			isa = XCBuildConfiguration;
			buildSettings = {
				ALWAYS_EMBED_SWIFT_STANDARD_LIBRARIES = YES;
				BUNDLE_LOADER = "$(TEST_HOST)";
				CODE_SIGN_STYLE = Automatic;
				CURRENT_PROJECT_VERSION = 1;
				DEVELOPMENT_TEAM = 7C8K3NAH2H;
				GENERATE_INFOPLIST_FILE = YES;
				IPHONEOS_DEPLOYMENT_TARGET = 17.5;
				MACOSX_DEPLOYMENT_TARGET = 14.5;
				MARKETING_VERSION = 1.0;
				PRODUCT_BUNDLE_IDENTIFIER = sergemi.MatchermindTests;
				PRODUCT_NAME = "$(TARGET_NAME)";
				SDKROOT = auto;
				SUPPORTED_PLATFORMS = "iphoneos iphonesimulator macosx";
				SWIFT_EMIT_LOC_STRINGS = NO;
				SWIFT_VERSION = 5.0;
				TARGETED_DEVICE_FAMILY = "1,2";
				TEST_HOST = "$(BUILT_PRODUCTS_DIR)/Matchermind.app/$(BUNDLE_EXECUTABLE_FOLDER_PATH)/Matchermind";
			};
			name = Debug;
		};
		8F9000892CAD5876005C7822 /* Release */ = {
			isa = XCBuildConfiguration;
			buildSettings = {
				ALWAYS_EMBED_SWIFT_STANDARD_LIBRARIES = YES;
				BUNDLE_LOADER = "$(TEST_HOST)";
				CODE_SIGN_STYLE = Automatic;
				CURRENT_PROJECT_VERSION = 1;
				DEVELOPMENT_TEAM = 7C8K3NAH2H;
				GENERATE_INFOPLIST_FILE = YES;
				IPHONEOS_DEPLOYMENT_TARGET = 17.5;
				MACOSX_DEPLOYMENT_TARGET = 14.5;
				MARKETING_VERSION = 1.0;
				PRODUCT_BUNDLE_IDENTIFIER = sergemi.MatchermindTests;
				PRODUCT_NAME = "$(TARGET_NAME)";
				SDKROOT = auto;
				SUPPORTED_PLATFORMS = "iphoneos iphonesimulator macosx";
				SWIFT_EMIT_LOC_STRINGS = NO;
				SWIFT_VERSION = 5.0;
				TARGETED_DEVICE_FAMILY = "1,2";
				TEST_HOST = "$(BUILT_PRODUCTS_DIR)/Matchermind.app/$(BUNDLE_EXECUTABLE_FOLDER_PATH)/Matchermind";
			};
			name = Release;
		};
		8F90008B2CAD5876005C7822 /* Debug */ = {
			isa = XCBuildConfiguration;
			buildSettings = {
				ALWAYS_EMBED_SWIFT_STANDARD_LIBRARIES = YES;
				CODE_SIGN_STYLE = Automatic;
				CURRENT_PROJECT_VERSION = 1;
				DEVELOPMENT_TEAM = 7C8K3NAH2H;
				GENERATE_INFOPLIST_FILE = YES;
				IPHONEOS_DEPLOYMENT_TARGET = 17.5;
				MACOSX_DEPLOYMENT_TARGET = 14.5;
				MARKETING_VERSION = 1.0;
				PRODUCT_BUNDLE_IDENTIFIER = sergemi.MatchermindUITests;
				PRODUCT_NAME = "$(TARGET_NAME)";
				SDKROOT = auto;
				SUPPORTED_PLATFORMS = "iphoneos iphonesimulator macosx";
				SWIFT_EMIT_LOC_STRINGS = NO;
				SWIFT_VERSION = 5.0;
				TARGETED_DEVICE_FAMILY = "1,2";
				TEST_TARGET_NAME = Matchermind;
			};
			name = Debug;
		};
		8F90008C2CAD5876005C7822 /* Release */ = {
			isa = XCBuildConfiguration;
			buildSettings = {
				ALWAYS_EMBED_SWIFT_STANDARD_LIBRARIES = YES;
				CODE_SIGN_STYLE = Automatic;
				CURRENT_PROJECT_VERSION = 1;
				DEVELOPMENT_TEAM = 7C8K3NAH2H;
				GENERATE_INFOPLIST_FILE = YES;
				IPHONEOS_DEPLOYMENT_TARGET = 17.5;
				MACOSX_DEPLOYMENT_TARGET = 14.5;
				MARKETING_VERSION = 1.0;
				PRODUCT_BUNDLE_IDENTIFIER = sergemi.MatchermindUITests;
				PRODUCT_NAME = "$(TARGET_NAME)";
				SDKROOT = auto;
				SUPPORTED_PLATFORMS = "iphoneos iphonesimulator macosx";
				SWIFT_EMIT_LOC_STRINGS = NO;
				SWIFT_VERSION = 5.0;
				TARGETED_DEVICE_FAMILY = "1,2";
				TEST_TARGET_NAME = Matchermind;
			};
			name = Release;
		};
/* End XCBuildConfiguration section */

/* Begin XCConfigurationList section */
		8F90005A2CAD5874005C7822 /* Build configuration list for PBXProject "Matchermind" */ = {
			isa = XCConfigurationList;
			buildConfigurations = (
				8F9000822CAD5876005C7822 /* Debug */,
				8F9000832CAD5876005C7822 /* Release */,
			);
			defaultConfigurationIsVisible = 0;
			defaultConfigurationName = Release;
		};
		8F9000842CAD5876005C7822 /* Build configuration list for PBXNativeTarget "Matchermind" */ = {
			isa = XCConfigurationList;
			buildConfigurations = (
				8F9000852CAD5876005C7822 /* Debug */,
				8F9000862CAD5876005C7822 /* Release */,
			);
			defaultConfigurationIsVisible = 0;
			defaultConfigurationName = Release;
		};
		8F9000872CAD5876005C7822 /* Build configuration list for PBXNativeTarget "MatchermindTests" */ = {
			isa = XCConfigurationList;
			buildConfigurations = (
				8F9000882CAD5876005C7822 /* Debug */,
				8F9000892CAD5876005C7822 /* Release */,
			);
			defaultConfigurationIsVisible = 0;
			defaultConfigurationName = Release;
		};
		8F90008A2CAD5876005C7822 /* Build configuration list for PBXNativeTarget "MatchermindUITests" */ = {
			isa = XCConfigurationList;
			buildConfigurations = (
				8F90008B2CAD5876005C7822 /* Debug */,
				8F90008C2CAD5876005C7822 /* Release */,
			);
			defaultConfigurationIsVisible = 0;
			defaultConfigurationName = Release;
		};
/* End XCConfigurationList section */

/* Begin XCRemoteSwiftPackageReference section */
		8F90008F2CAD794C005C7822 /* XCRemoteSwiftPackageReference "firebase-ios-sdk" */ = {
			isa = XCRemoteSwiftPackageReference;
			repositoryURL = "https://github.com/firebase/firebase-ios-sdk";
			requirement = {
				kind = upToNextMajorVersion;
				minimumVersion = 11.3.0;
			};
		};
/* End XCRemoteSwiftPackageReference section */

/* Begin XCSwiftPackageProductDependency section */
		8F9000912CAD7EF0005C7822 /* FirebaseAuth */ = {
			isa = XCSwiftPackageProductDependency;
			package = 8F90008F2CAD794C005C7822 /* XCRemoteSwiftPackageReference "firebase-ios-sdk" */;
			productName = FirebaseAuth;
		};
		8F9000932CAD7F00005C7822 /* FirebaseFirestore */ = {
			isa = XCSwiftPackageProductDependency;
			package = 8F90008F2CAD794C005C7822 /* XCRemoteSwiftPackageReference "firebase-ios-sdk" */;
			productName = FirebaseFirestore;
		};
/* End XCSwiftPackageProductDependency section */
	};
	rootObject = 8F9000572CAD5874005C7822 /* Project object */;
}
