// !$*UTF8*$!
{
	archiveVersion = 1;
	classes = {
	};
	objectVersion = 56;
	objects = {

/* Begin PBXBuildFile section */
		8F383D732CB0414B00E87429 /* ErrorManager.swift in Sources */ = {isa = PBXBuildFile; fileRef = 8F383D722CB0414B00E87429 /* ErrorManager.swift */; };
		8F383D832CB3007A00E87429 /* TestfieldStyles.swift in Sources */ = {isa = PBXBuildFile; fileRef = 8F383D822CB3007A00E87429 /* TestfieldStyles.swift */; };
		8F383D852CB30C7C00E87429 /* DefaultTextField.swift in Sources */ = {isa = PBXBuildFile; fileRef = 8F383D842CB30C7C00E87429 /* DefaultTextField.swift */; };
		8F383D8C2CB34E0900E87429 /* ButtonStyles.swift in Sources */ = {isa = PBXBuildFile; fileRef = 8F383D8B2CB34E0900E87429 /* ButtonStyles.swift */; };
		8F383D992CB51C6A00E87429 /* Image+ImageName.swift in Sources */ = {isa = PBXBuildFile; fileRef = 8F383D982CB51C6A00E87429 /* Image+ImageName.swift */; };
		8F560AB52DCC06470019A934 /* SDWebImageSwiftUI in Frameworks */ = {isa = PBXBuildFile; productRef = 8F560AB42DCC06470019A934 /* SDWebImageSwiftUI */; };
		8F560ABA2DE8649C0019A934 /* StorageService.swift in Sources */ = {isa = PBXBuildFile; fileRef = 8F560AB92DE8649C0019A934 /* StorageService.swift */; };
		8F560ABD2DE86D750019A934 /* FirebaseStorageService.swift in Sources */ = {isa = PBXBuildFile; fileRef = 8F560ABC2DE86D750019A934 /* FirebaseStorageService.swift */; };
		8F8FA3DC2DC93F4E0024D01F /* MocLesson.swift in Sources */ = {isa = PBXBuildFile; fileRef = 8F8FA3D92DC93F4E0024D01F /* MocLesson.swift */; };
		8F8FA3DD2DC93F4E0024D01F /* User.swift in Sources */ = {isa = PBXBuildFile; fileRef = 8F8FA3DA2DC93F4E0024D01F /* User.swift */; };
		8F8FA3E32DC949C60024D01F /* PreviewHelpers.swift in Sources */ = {isa = PBXBuildFile; fileRef = 8F8FA3E12DC949C60024D01F /* PreviewHelpers.swift */; };
		8F8FA3EA2DC94A5D0024D01F /* EditFlow.swift in Sources */ = {isa = PBXBuildFile; fileRef = 8F8FA3E72DC94A5D0024D01F /* EditFlow.swift */; };
		8F8FA3EB2DC94A5D0024D01F /* LearnFlow.swift in Sources */ = {isa = PBXBuildFile; fileRef = 8F8FA3E52DC94A5D0024D01F /* LearnFlow.swift */; };
		8F8FA3EC2DC94A5D0024D01F /* AuthFlow.swift in Sources */ = {isa = PBXBuildFile; fileRef = 8F8FA3E82DC94A5D0024D01F /* AuthFlow.swift */; };
		8F8FA3ED2DC94A5D0024D01F /* ProfileFlow.swift in Sources */ = {isa = PBXBuildFile; fileRef = 8F8FA3E62DC94A5D0024D01F /* ProfileFlow.swift */; };
		8F8FA3EE2DC94A5D0024D01F /* AppRouter.swift in Sources */ = {isa = PBXBuildFile; fileRef = 8F8FA3E42DC94A5D0024D01F /* AppRouter.swift */; };
		8F8FA3F42DC94AD10024D01F /* AuthService.swift in Sources */ = {isa = PBXBuildFile; fileRef = 8F8FA3F02DC94AD10024D01F /* AuthService.swift */; };
		8F8FA3F52DC94AD10024D01F /* MockAuthService.swift in Sources */ = {isa = PBXBuildFile; fileRef = 8F8FA3F12DC94AD10024D01F /* MockAuthService.swift */; };
		8F8FA3F62DC94AD10024D01F /* DataManager.swift in Sources */ = {isa = PBXBuildFile; fileRef = 8F8FA3EF2DC94AD10024D01F /* DataManager.swift */; };
		8F8FA4212DC94B0B0024D01F /* StartLessonView.swift in Sources */ = {isa = PBXBuildFile; fileRef = 8F8FA4142DC94B0B0024D01F /* StartLessonView.swift */; };
		8F8FA4222DC94B0B0024D01F /* MainTabView.swift in Sources */ = {isa = PBXBuildFile; fileRef = 8F8FA3FC2DC94B0B0024D01F /* MainTabView.swift */; };
		8F8FA4232DC94B0B0024D01F /* EditLessonViewModel.swift in Sources */ = {isa = PBXBuildFile; fileRef = 8F8FA41C2DC94B0B0024D01F /* EditLessonViewModel.swift */; };
		8F8FA4242DC94B0B0024D01F /* TabItem.swift in Sources */ = {isa = PBXBuildFile; fileRef = 8F8FA3F72DC94B0B0024D01F /* TabItem.swift */; };
		8F8FA4252DC94B0B0024D01F /* SignUpViewModel.swift in Sources */ = {isa = PBXBuildFile; fileRef = 8F8FA40E2DC94B0B0024D01F /* SignUpViewModel.swift */; };
		8F8FA4262DC94B0B0024D01F /* SignInView.swift in Sources */ = {isa = PBXBuildFile; fileRef = 8F8FA40A2DC94B0B0024D01F /* SignInView.swift */; };
		8F8FA4272DC94B0B0024D01F /* EditLessonView.swift in Sources */ = {isa = PBXBuildFile; fileRef = 8F8FA41B2DC94B0B0024D01F /* EditLessonView.swift */; };
		8F8FA4282DC94B0B0024D01F /* EditLessonsListViewModel.swift in Sources */ = {isa = PBXBuildFile; fileRef = 8F8FA4192DC94B0B0024D01F /* EditLessonsListViewModel.swift */; };
		8F8FA4292DC94B0B0024D01F /* ProfileViewModel.swift in Sources */ = {isa = PBXBuildFile; fileRef = 8F8FA4042DC94B0B0024D01F /* ProfileViewModel.swift */; };
		8F8FA42A2DC94B0B0024D01F /* LessonsListView.swift in Sources */ = {isa = PBXBuildFile; fileRef = 8F8FA4112DC94B0B0024D01F /* LessonsListView.swift */; };
		8F8FA42B2DC94B0B0024D01F /* AppRootViewModel.swift in Sources */ = {isa = PBXBuildFile; fileRef = 8F8FA4002DC94B0B0024D01F /* AppRootViewModel.swift */; };
		8F8FA42C2DC94B0B0024D01F /* SignInViewModel.swift in Sources */ = {isa = PBXBuildFile; fileRef = 8F8FA40B2DC94B0B0024D01F /* SignInViewModel.swift */; };
		8F8FA42D2DC94B0B0024D01F /* EditLessonsListView.swift in Sources */ = {isa = PBXBuildFile; fileRef = 8F8FA4182DC94B0B0024D01F /* EditLessonsListView.swift */; };
		8F8FA42E2DC94B0B0024D01F /* BaseViewModels.swift in Sources */ = {isa = PBXBuildFile; fileRef = 8F8FA3FA2DC94B0B0024D01F /* BaseViewModels.swift */; };
		8F8FA42F2DC94B0B0024D01F /* StartLessonViewModel.swift in Sources */ = {isa = PBXBuildFile; fileRef = 8F8FA4152DC94B0B0024D01F /* StartLessonViewModel.swift */; };
		8F8FA4312DC94B0B0024D01F /* UserStatisticsViewModel.swift in Sources */ = {isa = PBXBuildFile; fileRef = 8F8FA4072DC94B0B0024D01F /* UserStatisticsViewModel.swift */; };
		8F8FA4322DC94B0B0024D01F /* SignUpView.swift in Sources */ = {isa = PBXBuildFile; fileRef = 8F8FA40D2DC94B0B0024D01F /* SignUpView.swift */; };
		8F8FA4332DC94B0B0024D01F /* AppRootView.swift in Sources */ = {isa = PBXBuildFile; fileRef = 8F8FA3FF2DC94B0B0024D01F /* AppRootView.swift */; };
		8F8FA4342DC94B0B0024D01F /* ProfileView.swift in Sources */ = {isa = PBXBuildFile; fileRef = 8F8FA4032DC94B0B0024D01F /* ProfileView.swift */; };
		8F8FA4352DC94B0B0024D01F /* UserStatisticsView.swift in Sources */ = {isa = PBXBuildFile; fileRef = 8F8FA4062DC94B0B0024D01F /* UserStatisticsView.swift */; };
		8F8FA4362DC94B0B0024D01F /* MainTabViewModel.swift in Sources */ = {isa = PBXBuildFile; fileRef = 8F8FA3FD2DC94B0B0024D01F /* MainTabViewModel.swift */; };
		8F8FA4372DC94B0B0024D01F /* LessonsListViewModel.swift in Sources */ = {isa = PBXBuildFile; fileRef = 8F8FA4122DC94B0B0024D01F /* LessonsListViewModel.swift */; };
		8F8FA4392DCA44180024D01F /* FirebaseAuthService.swift in Sources */ = {isa = PBXBuildFile; fileRef = 8F8FA4382DCA44180024D01F /* FirebaseAuthService.swift */; };
		8F8FA43D2DCA97810024D01F /* GoogleService-Info.plist in Resources */ = {isa = PBXBuildFile; fileRef = 8F8FA43C2DCA97810024D01F /* GoogleService-Info.plist */; };
		8F8FA4412DCAB3240024D01F /* GoogleSignIn in Frameworks */ = {isa = PBXBuildFile; productRef = 8F8FA4402DCAB3240024D01F /* GoogleSignIn */; };
		8F8FA4432DCAB3240024D01F /* GoogleSignInSwift in Frameworks */ = {isa = PBXBuildFile; productRef = 8F8FA4422DCAB3240024D01F /* GoogleSignInSwift */; };
		8F8FA4452DCB4E610024D01F /* AppleSignInMocButton.swift in Sources */ = {isa = PBXBuildFile; fileRef = 8F8FA4442DCB4E610024D01F /* AppleSignInMocButton.swift */; };
		8F8FA4492DCB73D80024D01F /* ImagePickerView.swift in Sources */ = {isa = PBXBuildFile; fileRef = 8F8FA4482DCB73D80024D01F /* ImagePickerView.swift */; };
		8F8FA44B2DCB78500024D01F /* FirebaseStorage in Frameworks */ = {isa = PBXBuildFile; productRef = 8F8FA44A2DCB78500024D01F /* FirebaseStorage */; };
		8F8FA4502DCB7C890024D01F /* ImageSourcePickerView.swift in Sources */ = {isa = PBXBuildFile; fileRef = 8F8FA44F2DCB7C890024D01F /* ImageSourcePickerView.swift */; };
		8F8FA4522DCB7D230024D01F /* UserProfileImageView.swift in Sources */ = {isa = PBXBuildFile; fileRef = 8F8FA4512DCB7D230024D01F /* UserProfileImageView.swift */; };
		8F9000632CAD5874005C7822 /* MatchermindApp.swift in Sources */ = {isa = PBXBuildFile; fileRef = 8F9000622CAD5874005C7822 /* MatchermindApp.swift */; };
		8F9000672CAD5876005C7822 /* Assets.xcassets in Resources */ = {isa = PBXBuildFile; fileRef = 8F9000662CAD5876005C7822 /* Assets.xcassets */; };
		8F90006B2CAD5876005C7822 /* Preview Assets.xcassets in Resources */ = {isa = PBXBuildFile; fileRef = 8F90006A2CAD5876005C7822 /* Preview Assets.xcassets */; };
		8F9000752CAD5876005C7822 /* MatchermindTests.swift in Sources */ = {isa = PBXBuildFile; fileRef = 8F9000742CAD5876005C7822 /* MatchermindTests.swift */; };
		8F90007F2CAD5876005C7822 /* MatchermindUITests.swift in Sources */ = {isa = PBXBuildFile; fileRef = 8F90007E2CAD5876005C7822 /* MatchermindUITests.swift */; };
		8F9000812CAD5876005C7822 /* MatchermindUITestsLaunchTests.swift in Sources */ = {isa = PBXBuildFile; fileRef = 8F9000802CAD5876005C7822 /* MatchermindUITestsLaunchTests.swift */; };
		8F9000922CAD7EF0005C7822 /* FirebaseAuth in Frameworks */ = {isa = PBXBuildFile; productRef = 8F9000912CAD7EF0005C7822 /* FirebaseAuth */; };
		8F9000942CAD7F00005C7822 /* FirebaseFirestore in Frameworks */ = {isa = PBXBuildFile; productRef = 8F9000932CAD7F00005C7822 /* FirebaseFirestore */; };
		8F9A42DD2CB96076007B4D48 /* ModulePreload.swift in Sources */ = {isa = PBXBuildFile; fileRef = 8F9A42DC2CB96076007B4D48 /* ModulePreload.swift */; };
		8F9A42DF2CB968DF007B4D48 /* Exercise.swift in Sources */ = {isa = PBXBuildFile; fileRef = 8F9A42DE2CB968DF007B4D48 /* Exercise.swift */; };
		8F9A42E12CB96945007B4D48 /* WordPair.swift in Sources */ = {isa = PBXBuildFile; fileRef = 8F9A42E02CB96945007B4D48 /* WordPair.swift */; };
		8F9A42E32CB969A0007B4D48 /* LearnedWord.swift in Sources */ = {isa = PBXBuildFile; fileRef = 8F9A42E22CB969A0007B4D48 /* LearnedWord.swift */; };
		8F9A42E52CB96A08007B4D48 /* TopicPreload.swift in Sources */ = {isa = PBXBuildFile; fileRef = 8F9A42E42CB96A08007B4D48 /* TopicPreload.swift */; };
		8F9A42E72CB96A5F007B4D48 /* Topic.swift in Sources */ = {isa = PBXBuildFile; fileRef = 8F9A42E62CB96A5F007B4D48 /* Topic.swift */; };
		8F9A42E92CB96ADD007B4D48 /* Module.swift in Sources */ = {isa = PBXBuildFile; fileRef = 8F9A42E82CB96ADD007B4D48 /* Module.swift */; };
		8FDC37922E04125200F97004 /* ExerciseProgress.swift in Sources */ = {isa = PBXBuildFile; fileRef = 8FDC37912E04125200F97004 /* ExerciseProgress.swift */; };
		8FDC37952E041AD000F97004 /* DataServiceProtocol.swift in Sources */ = {isa = PBXBuildFile; fileRef = 8FDC37942E041AD000F97004 /* DataServiceProtocol.swift */; };
		8FDC37972E043FCA00F97004 /* FirebaseDataService.swift in Sources */ = {isa = PBXBuildFile; fileRef = 8FDC37962E043FCA00F97004 /* FirebaseDataService.swift */; };
		8FDC37992E04411800F97004 /* MocDataService.swift in Sources */ = {isa = PBXBuildFile; fileRef = 8FDC37982E04411800F97004 /* MocDataService.swift */; };
		8FDC379C2E0C0B3A00F97004 /* ModulesListViewModel.swift in Sources */ = {isa = PBXBuildFile; fileRef = 8FDC379B2E0C0B3A00F97004 /* ModulesListViewModel.swift */; };
		8FDC379E2E0C167100F97004 /* ModulesListView.swift in Sources */ = {isa = PBXBuildFile; fileRef = 8FDC379D2E0C167100F97004 /* ModulesListView.swift */; };
		8FDC37A62E0C42AD00F97004 /* ModuleListRow.swift in Sources */ = {isa = PBXBuildFile; fileRef = 8FDC37A52E0C42AD00F97004 /* ModuleListRow.swift */; };
		8FDC37A92E0C687700F97004 /* ModuleViewModel.swift in Sources */ = {isa = PBXBuildFile; fileRef = 8FDC37A82E0C687700F97004 /* ModuleViewModel.swift */; };
		8FDC37AB2E0C742000F97004 /* ModuleView.swift in Sources */ = {isa = PBXBuildFile; fileRef = 8FDC37AA2E0C742000F97004 /* ModuleView.swift */; };
/* End PBXBuildFile section */

/* Begin PBXContainerItemProxy section */
		8F9000712CAD5876005C7822 /* PBXContainerItemProxy */ = {
			isa = PBXContainerItemProxy;
			containerPortal = 8F9000572CAD5874005C7822 /* Project object */;
			proxyType = 1;
			remoteGlobalIDString = 8F90005E2CAD5874005C7822;
			remoteInfo = Matchermind;
		};
		8F90007B2CAD5876005C7822 /* PBXContainerItemProxy */ = {
			isa = PBXContainerItemProxy;
			containerPortal = 8F9000572CAD5874005C7822 /* Project object */;
			proxyType = 1;
			remoteGlobalIDString = 8F90005E2CAD5874005C7822;
			remoteInfo = Matchermind;
		};
/* End PBXContainerItemProxy section */

/* Begin PBXFileReference section */
		8F383D722CB0414B00E87429 /* ErrorManager.swift */ = {isa = PBXFileReference; lastKnownFileType = sourcecode.swift; path = ErrorManager.swift; sourceTree = "<group>"; };
		8F383D822CB3007A00E87429 /* TestfieldStyles.swift */ = {isa = PBXFileReference; lastKnownFileType = sourcecode.swift; path = TestfieldStyles.swift; sourceTree = "<group>"; };
		8F383D842CB30C7C00E87429 /* DefaultTextField.swift */ = {isa = PBXFileReference; lastKnownFileType = sourcecode.swift; path = DefaultTextField.swift; sourceTree = "<group>"; };
		8F383D8B2CB34E0900E87429 /* ButtonStyles.swift */ = {isa = PBXFileReference; lastKnownFileType = sourcecode.swift; path = ButtonStyles.swift; sourceTree = "<group>"; };
		8F383D982CB51C6A00E87429 /* Image+ImageName.swift */ = {isa = PBXFileReference; lastKnownFileType = sourcecode.swift; path = "Image+ImageName.swift"; sourceTree = "<group>"; };
		8F560AB92DE8649C0019A934 /* StorageService.swift */ = {isa = PBXFileReference; lastKnownFileType = sourcecode.swift; path = StorageService.swift; sourceTree = "<group>"; };
		8F560ABC2DE86D750019A934 /* FirebaseStorageService.swift */ = {isa = PBXFileReference; lastKnownFileType = sourcecode.swift; path = FirebaseStorageService.swift; sourceTree = "<group>"; };
		8F8FA3D92DC93F4E0024D01F /* MocLesson.swift */ = {isa = PBXFileReference; lastKnownFileType = sourcecode.swift; path = MocLesson.swift; sourceTree = "<group>"; };
		8F8FA3DA2DC93F4E0024D01F /* User.swift */ = {isa = PBXFileReference; lastKnownFileType = sourcecode.swift; path = User.swift; sourceTree = "<group>"; };
		8F8FA3E12DC949C60024D01F /* PreviewHelpers.swift */ = {isa = PBXFileReference; lastKnownFileType = sourcecode.swift; path = PreviewHelpers.swift; sourceTree = "<group>"; };
		8F8FA3E42DC94A5D0024D01F /* AppRouter.swift */ = {isa = PBXFileReference; lastKnownFileType = sourcecode.swift; path = AppRouter.swift; sourceTree = "<group>"; };
		8F8FA3E52DC94A5D0024D01F /* LearnFlow.swift */ = {isa = PBXFileReference; lastKnownFileType = sourcecode.swift; path = LearnFlow.swift; sourceTree = "<group>"; };
		8F8FA3E62DC94A5D0024D01F /* ProfileFlow.swift */ = {isa = PBXFileReference; lastKnownFileType = sourcecode.swift; path = ProfileFlow.swift; sourceTree = "<group>"; };
		8F8FA3E72DC94A5D0024D01F /* EditFlow.swift */ = {isa = PBXFileReference; lastKnownFileType = sourcecode.swift; path = EditFlow.swift; sourceTree = "<group>"; };
		8F8FA3E82DC94A5D0024D01F /* AuthFlow.swift */ = {isa = PBXFileReference; lastKnownFileType = sourcecode.swift; path = AuthFlow.swift; sourceTree = "<group>"; };
		8F8FA3EF2DC94AD10024D01F /* DataManager.swift */ = {isa = PBXFileReference; lastKnownFileType = sourcecode.swift; path = DataManager.swift; sourceTree = "<group>"; };
		8F8FA3F02DC94AD10024D01F /* AuthService.swift */ = {isa = PBXFileReference; lastKnownFileType = sourcecode.swift; path = AuthService.swift; sourceTree = "<group>"; };
		8F8FA3F12DC94AD10024D01F /* MockAuthService.swift */ = {isa = PBXFileReference; lastKnownFileType = sourcecode.swift; path = MockAuthService.swift; sourceTree = "<group>"; };
		8F8FA3F72DC94B0B0024D01F /* TabItem.swift */ = {isa = PBXFileReference; lastKnownFileType = sourcecode.swift; path = TabItem.swift; sourceTree = "<group>"; };
		8F8FA3FA2DC94B0B0024D01F /* BaseViewModels.swift */ = {isa = PBXFileReference; lastKnownFileType = sourcecode.swift; path = BaseViewModels.swift; sourceTree = "<group>"; };
		8F8FA3FC2DC94B0B0024D01F /* MainTabView.swift */ = {isa = PBXFileReference; lastKnownFileType = sourcecode.swift; path = MainTabView.swift; sourceTree = "<group>"; };
		8F8FA3FD2DC94B0B0024D01F /* MainTabViewModel.swift */ = {isa = PBXFileReference; lastKnownFileType = sourcecode.swift; path = MainTabViewModel.swift; sourceTree = "<group>"; };
		8F8FA3FF2DC94B0B0024D01F /* AppRootView.swift */ = {isa = PBXFileReference; lastKnownFileType = sourcecode.swift; path = AppRootView.swift; sourceTree = "<group>"; };
		8F8FA4002DC94B0B0024D01F /* AppRootViewModel.swift */ = {isa = PBXFileReference; lastKnownFileType = sourcecode.swift; path = AppRootViewModel.swift; sourceTree = "<group>"; };
		8F8FA4032DC94B0B0024D01F /* ProfileView.swift */ = {isa = PBXFileReference; lastKnownFileType = sourcecode.swift; path = ProfileView.swift; sourceTree = "<group>"; };
		8F8FA4042DC94B0B0024D01F /* ProfileViewModel.swift */ = {isa = PBXFileReference; lastKnownFileType = sourcecode.swift; path = ProfileViewModel.swift; sourceTree = "<group>"; };
		8F8FA4062DC94B0B0024D01F /* UserStatisticsView.swift */ = {isa = PBXFileReference; lastKnownFileType = sourcecode.swift; path = UserStatisticsView.swift; sourceTree = "<group>"; };
		8F8FA4072DC94B0B0024D01F /* UserStatisticsViewModel.swift */ = {isa = PBXFileReference; lastKnownFileType = sourcecode.swift; path = UserStatisticsViewModel.swift; sourceTree = "<group>"; };
		8F8FA40A2DC94B0B0024D01F /* SignInView.swift */ = {isa = PBXFileReference; lastKnownFileType = sourcecode.swift; path = SignInView.swift; sourceTree = "<group>"; };
		8F8FA40B2DC94B0B0024D01F /* SignInViewModel.swift */ = {isa = PBXFileReference; lastKnownFileType = sourcecode.swift; path = SignInViewModel.swift; sourceTree = "<group>"; };
		8F8FA40D2DC94B0B0024D01F /* SignUpView.swift */ = {isa = PBXFileReference; lastKnownFileType = sourcecode.swift; path = SignUpView.swift; sourceTree = "<group>"; };
		8F8FA40E2DC94B0B0024D01F /* SignUpViewModel.swift */ = {isa = PBXFileReference; lastKnownFileType = sourcecode.swift; path = SignUpViewModel.swift; sourceTree = "<group>"; };
		8F8FA4112DC94B0B0024D01F /* LessonsListView.swift */ = {isa = PBXFileReference; lastKnownFileType = sourcecode.swift; path = LessonsListView.swift; sourceTree = "<group>"; };
		8F8FA4122DC94B0B0024D01F /* LessonsListViewModel.swift */ = {isa = PBXFileReference; lastKnownFileType = sourcecode.swift; path = LessonsListViewModel.swift; sourceTree = "<group>"; };
		8F8FA4142DC94B0B0024D01F /* StartLessonView.swift */ = {isa = PBXFileReference; lastKnownFileType = sourcecode.swift; path = StartLessonView.swift; sourceTree = "<group>"; };
		8F8FA4152DC94B0B0024D01F /* StartLessonViewModel.swift */ = {isa = PBXFileReference; lastKnownFileType = sourcecode.swift; path = StartLessonViewModel.swift; sourceTree = "<group>"; };
		8F8FA4182DC94B0B0024D01F /* EditLessonsListView.swift */ = {isa = PBXFileReference; lastKnownFileType = sourcecode.swift; path = EditLessonsListView.swift; sourceTree = "<group>"; };
		8F8FA4192DC94B0B0024D01F /* EditLessonsListViewModel.swift */ = {isa = PBXFileReference; lastKnownFileType = sourcecode.swift; path = EditLessonsListViewModel.swift; sourceTree = "<group>"; };
		8F8FA41B2DC94B0B0024D01F /* EditLessonView.swift */ = {isa = PBXFileReference; lastKnownFileType = sourcecode.swift; path = EditLessonView.swift; sourceTree = "<group>"; };
		8F8FA41C2DC94B0B0024D01F /* EditLessonViewModel.swift */ = {isa = PBXFileReference; lastKnownFileType = sourcecode.swift; path = EditLessonViewModel.swift; sourceTree = "<group>"; };
		8F8FA4382DCA44180024D01F /* FirebaseAuthService.swift */ = {isa = PBXFileReference; lastKnownFileType = sourcecode.swift; path = FirebaseAuthService.swift; sourceTree = "<group>"; };
		8F8FA43C2DCA97810024D01F /* GoogleService-Info.plist */ = {isa = PBXFileReference; lastKnownFileType = text.plist.xml; path = "GoogleService-Info.plist"; sourceTree = "<group>"; };
		8F8FA43E2DCA9B850024D01F /* Info.plist */ = {isa = PBXFileReference; lastKnownFileType = text.plist; path = Info.plist; sourceTree = "<group>"; };
		8F8FA4442DCB4E610024D01F /* AppleSignInMocButton.swift */ = {isa = PBXFileReference; lastKnownFileType = sourcecode.swift; path = AppleSignInMocButton.swift; sourceTree = "<group>"; };
		8F8FA4482DCB73D80024D01F /* ImagePickerView.swift */ = {isa = PBXFileReference; lastKnownFileType = sourcecode.swift; path = ImagePickerView.swift; sourceTree = "<group>"; };
		8F8FA44F2DCB7C890024D01F /* ImageSourcePickerView.swift */ = {isa = PBXFileReference; lastKnownFileType = sourcecode.swift; path = ImageSourcePickerView.swift; sourceTree = "<group>"; };
		8F8FA4512DCB7D230024D01F /* UserProfileImageView.swift */ = {isa = PBXFileReference; lastKnownFileType = sourcecode.swift; path = UserProfileImageView.swift; sourceTree = "<group>"; };
		8F90005F2CAD5874005C7822 /* Matchermind.app */ = {isa = PBXFileReference; explicitFileType = wrapper.application; includeInIndex = 0; path = Matchermind.app; sourceTree = BUILT_PRODUCTS_DIR; };
		8F9000622CAD5874005C7822 /* MatchermindApp.swift */ = {isa = PBXFileReference; lastKnownFileType = sourcecode.swift; path = MatchermindApp.swift; sourceTree = "<group>"; };
		8F9000662CAD5876005C7822 /* Assets.xcassets */ = {isa = PBXFileReference; lastKnownFileType = folder.assetcatalog; path = Assets.xcassets; sourceTree = "<group>"; };
		8F9000682CAD5876005C7822 /* Matchermind.entitlements */ = {isa = PBXFileReference; lastKnownFileType = text.plist.entitlements; path = Matchermind.entitlements; sourceTree = "<group>"; };
		8F90006A2CAD5876005C7822 /* Preview Assets.xcassets */ = {isa = PBXFileReference; lastKnownFileType = folder.assetcatalog; path = "Preview Assets.xcassets"; sourceTree = "<group>"; };
		8F9000702CAD5876005C7822 /* MatchermindTests.xctest */ = {isa = PBXFileReference; explicitFileType = wrapper.cfbundle; includeInIndex = 0; path = MatchermindTests.xctest; sourceTree = BUILT_PRODUCTS_DIR; };
		8F9000742CAD5876005C7822 /* MatchermindTests.swift */ = {isa = PBXFileReference; lastKnownFileType = sourcecode.swift; path = MatchermindTests.swift; sourceTree = "<group>"; };
		8F90007A2CAD5876005C7822 /* MatchermindUITests.xctest */ = {isa = PBXFileReference; explicitFileType = wrapper.cfbundle; includeInIndex = 0; path = MatchermindUITests.xctest; sourceTree = BUILT_PRODUCTS_DIR; };
		8F90007E2CAD5876005C7822 /* MatchermindUITests.swift */ = {isa = PBXFileReference; lastKnownFileType = sourcecode.swift; path = MatchermindUITests.swift; sourceTree = "<group>"; };
		8F9000802CAD5876005C7822 /* MatchermindUITestsLaunchTests.swift */ = {isa = PBXFileReference; lastKnownFileType = sourcecode.swift; path = MatchermindUITestsLaunchTests.swift; sourceTree = "<group>"; };
		8F9A42DC2CB96076007B4D48 /* ModulePreload.swift */ = {isa = PBXFileReference; lastKnownFileType = sourcecode.swift; path = ModulePreload.swift; sourceTree = "<group>"; };
		8F9A42DE2CB968DF007B4D48 /* Exercise.swift */ = {isa = PBXFileReference; lastKnownFileType = sourcecode.swift; path = Exercise.swift; sourceTree = "<group>"; };
		8F9A42E02CB96945007B4D48 /* WordPair.swift */ = {isa = PBXFileReference; lastKnownFileType = sourcecode.swift; path = WordPair.swift; sourceTree = "<group>"; };
		8F9A42E22CB969A0007B4D48 /* LearnedWord.swift */ = {isa = PBXFileReference; lastKnownFileType = sourcecode.swift; path = LearnedWord.swift; sourceTree = "<group>"; };
		8F9A42E42CB96A08007B4D48 /* TopicPreload.swift */ = {isa = PBXFileReference; lastKnownFileType = sourcecode.swift; path = TopicPreload.swift; sourceTree = "<group>"; };
		8F9A42E62CB96A5F007B4D48 /* Topic.swift */ = {isa = PBXFileReference; lastKnownFileType = sourcecode.swift; path = Topic.swift; sourceTree = "<group>"; };
		8F9A42E82CB96ADD007B4D48 /* Module.swift */ = {isa = PBXFileReference; lastKnownFileType = sourcecode.swift; path = Module.swift; sourceTree = "<group>"; };
		8FDC37912E04125200F97004 /* ExerciseProgress.swift */ = {isa = PBXFileReference; lastKnownFileType = sourcecode.swift; path = ExerciseProgress.swift; sourceTree = "<group>"; };
		8FDC37942E041AD000F97004 /* DataServiceProtocol.swift */ = {isa = PBXFileReference; lastKnownFileType = sourcecode.swift; path = DataServiceProtocol.swift; sourceTree = "<group>"; };
		8FDC37962E043FCA00F97004 /* FirebaseDataService.swift */ = {isa = PBXFileReference; lastKnownFileType = sourcecode.swift; path = FirebaseDataService.swift; sourceTree = "<group>"; };
		8FDC37982E04411800F97004 /* MocDataService.swift */ = {isa = PBXFileReference; lastKnownFileType = sourcecode.swift; path = MocDataService.swift; sourceTree = "<group>"; };
		8FDC379B2E0C0B3A00F97004 /* ModulesListViewModel.swift */ = {isa = PBXFileReference; lastKnownFileType = sourcecode.swift; path = ModulesListViewModel.swift; sourceTree = "<group>"; };
		8FDC379D2E0C167100F97004 /* ModulesListView.swift */ = {isa = PBXFileReference; lastKnownFileType = sourcecode.swift; path = ModulesListView.swift; sourceTree = "<group>"; };
		8FDC37A52E0C42AD00F97004 /* ModuleListRow.swift */ = {isa = PBXFileReference; lastKnownFileType = sourcecode.swift; path = ModuleListRow.swift; sourceTree = "<group>"; };
		8FDC37A82E0C687700F97004 /* ModuleViewModel.swift */ = {isa = PBXFileReference; lastKnownFileType = sourcecode.swift; path = ModuleViewModel.swift; sourceTree = "<group>"; };
		8FDC37AA2E0C742000F97004 /* ModuleView.swift */ = {isa = PBXFileReference; lastKnownFileType = sourcecode.swift; path = ModuleView.swift; sourceTree = "<group>"; };
/* End PBXFileReference section */

/* Begin PBXFrameworksBuildPhase section */
		8F90005C2CAD5874005C7822 /* Frameworks */ = {
			isa = PBXFrameworksBuildPhase;
			buildActionMask = 2147483647;
			files = (
				8F560AB52DCC06470019A934 /* SDWebImageSwiftUI in Frameworks */,
				8F9000922CAD7EF0005C7822 /* FirebaseAuth in Frameworks */,
				8F9000942CAD7F00005C7822 /* FirebaseFirestore in Frameworks */,
				8F8FA4412DCAB3240024D01F /* GoogleSignIn in Frameworks */,
				8F8FA44B2DCB78500024D01F /* FirebaseStorage in Frameworks */,
				8F8FA4432DCAB3240024D01F /* GoogleSignInSwift in Frameworks */,
			);
			runOnlyForDeploymentPostprocessing = 0;
		};
		8F90006D2CAD5876005C7822 /* Frameworks */ = {
			isa = PBXFrameworksBuildPhase;
			buildActionMask = 2147483647;
			files = (
			);
			runOnlyForDeploymentPostprocessing = 0;
		};
		8F9000772CAD5876005C7822 /* Frameworks */ = {
			isa = PBXFrameworksBuildPhase;
			buildActionMask = 2147483647;
			files = (
			);
			runOnlyForDeploymentPostprocessing = 0;
		};
/* End PBXFrameworksBuildPhase section */

/* Begin PBXGroup section */
		8F0BB6B92DFDC2D400A53C1A /* ToDelete */ = {
			isa = PBXGroup;
			children = (
				8F8FA3D92DC93F4E0024D01F /* MocLesson.swift */,
			);
			path = ToDelete;
			sourceTree = "<group>";
		};
		8F0BB6C82DFE347E00A53C1A /* DataManager */ = {
			isa = PBXGroup;
			children = (
				8F8FA3EF2DC94AD10024D01F /* DataManager.swift */,
			);
			path = DataManager;
			sourceTree = "<group>";
		};
		8F383D812CB2FFFD00E87429 /* Styles */ = {
			isa = PBXGroup;
			children = (
				8F383D822CB3007A00E87429 /* TestfieldStyles.swift */,
				8F383D8B2CB34E0900E87429 /* ButtonStyles.swift */,
			);
			path = Styles;
			sourceTree = "<group>";
		};
		8F383D972CB51C3800E87429 /* Extensions */ = {
			isa = PBXGroup;
			children = (
				8F383D982CB51C6A00E87429 /* Image+ImageName.swift */,
			);
			path = Extensions;
			sourceTree = "<group>";
		};
		8F560ABB2DE868780019A934 /* StorageService */ = {
			isa = PBXGroup;
			children = (
				8F560AB92DE8649C0019A934 /* StorageService.swift */,
				8F560ABC2DE86D750019A934 /* FirebaseStorageService.swift */,
			);
			path = StorageService;
			sourceTree = "<group>";
		};
		8F8FA3DB2DC93F4E0024D01F /* Models */ = {
			isa = PBXGroup;
			children = (
				8F0BB6B92DFDC2D400A53C1A /* ToDelete */,
				8F8FA3DA2DC93F4E0024D01F /* User.swift */,
				8F9A42DC2CB96076007B4D48 /* ModulePreload.swift */,
				8F9A42E82CB96ADD007B4D48 /* Module.swift */,
				8F9A42E42CB96A08007B4D48 /* TopicPreload.swift */,
				8F9A42E62CB96A5F007B4D48 /* Topic.swift */,
				8F9A42DE2CB968DF007B4D48 /* Exercise.swift */,
				8FDC37912E04125200F97004 /* ExerciseProgress.swift */,
				8F9A42E02CB96945007B4D48 /* WordPair.swift */,
				8F9A42E22CB969A0007B4D48 /* LearnedWord.swift */,
			);
			path = Models;
			sourceTree = "<group>";
		};
		8F8FA3E22DC949C60024D01F /* Helpers */ = {
			isa = PBXGroup;
			children = (
				8F8FA3E12DC949C60024D01F /* PreviewHelpers.swift */,
			);
			path = Helpers;
			sourceTree = "<group>";
		};
		8F8FA3E92DC94A5D0024D01F /* Routes */ = {
			isa = PBXGroup;
			children = (
				8F8FA3E42DC94A5D0024D01F /* AppRouter.swift */,
				8F8FA3E82DC94A5D0024D01F /* AuthFlow.swift */,
				8F8FA3E62DC94A5D0024D01F /* ProfileFlow.swift */,
				8F8FA3E52DC94A5D0024D01F /* LearnFlow.swift */,
				8F8FA3E72DC94A5D0024D01F /* EditFlow.swift */,
			);
			path = Routes;
			sourceTree = "<group>";
		};
		8F8FA3F22DC94AD10024D01F /* AuthService */ = {
			isa = PBXGroup;
			children = (
				8F8FA3F02DC94AD10024D01F /* AuthService.swift */,
				8F8FA3F12DC94AD10024D01F /* MockAuthService.swift */,
				8F8FA4382DCA44180024D01F /* FirebaseAuthService.swift */,
			);
			path = AuthService;
			sourceTree = "<group>";
		};
		8F8FA3F32DC94AD10024D01F /* Services */ = {
			isa = PBXGroup;
			children = (
				8F8FA3F22DC94AD10024D01F /* AuthService */,
				8F560ABB2DE868780019A934 /* StorageService */,
				8FDC37B02E103A0200F97004 /* ErrorManager */,
				8FDC37932E041AB700F97004 /* DataService */,
				8F0BB6C82DFE347E00A53C1A /* DataManager */,
			);
			path = Services;
			sourceTree = "<group>";
		};
		8F8FA3F92DC94B0B0024D01F /* Common */ = {
			isa = PBXGroup;
			children = (
				8F383D812CB2FFFD00E87429 /* Styles */,
				8F8FA3F72DC94B0B0024D01F /* TabItem.swift */,
				8F8FA44C2DCB78FC0024D01F /* CameraAndPhotoLibrary */,
				8F8FA4442DCB4E610024D01F /* AppleSignInMocButton.swift */,
				8F383D842CB30C7C00E87429 /* DefaultTextField.swift */,
			);
			path = Common;
			sourceTree = "<group>";
		};
		8F8FA3FB2DC94B0B0024D01F /* BaseViewModels */ = {
			isa = PBXGroup;
			children = (
				8F8FA3FA2DC94B0B0024D01F /* BaseViewModels.swift */,
			);
			path = BaseViewModels;
			sourceTree = "<group>";
		};
		8F8FA3FE2DC94B0B0024D01F /* MainTabView */ = {
			isa = PBXGroup;
			children = (
				8F8FA3FC2DC94B0B0024D01F /* MainTabView.swift */,
				8F8FA3FD2DC94B0B0024D01F /* MainTabViewModel.swift */,
			);
			path = MainTabView;
			sourceTree = "<group>";
		};
		8F8FA4012DC94B0B0024D01F /* AppRootView */ = {
			isa = PBXGroup;
			children = (
				8F8FA3FF2DC94B0B0024D01F /* AppRootView.swift */,
				8F8FA4002DC94B0B0024D01F /* AppRootViewModel.swift */,
			);
			path = AppRootView;
			sourceTree = "<group>";
		};
		8F8FA4022DC94B0B0024D01F /* Base */ = {
			isa = PBXGroup;
			children = (
				8F8FA3FB2DC94B0B0024D01F /* BaseViewModels */,
				8F8FA3FE2DC94B0B0024D01F /* MainTabView */,
				8F8FA4012DC94B0B0024D01F /* AppRootView */,
			);
			path = Base;
			sourceTree = "<group>";
		};
		8F8FA4052DC94B0B0024D01F /* Profile */ = {
			isa = PBXGroup;
			children = (
				8F8FA4032DC94B0B0024D01F /* ProfileView.swift */,
				8F8FA4042DC94B0B0024D01F /* ProfileViewModel.swift */,
			);
			path = Profile;
			sourceTree = "<group>";
		};
		8F8FA4082DC94B0B0024D01F /* Statistic */ = {
			isa = PBXGroup;
			children = (
				8F8FA4062DC94B0B0024D01F /* UserStatisticsView.swift */,
				8F8FA4072DC94B0B0024D01F /* UserStatisticsViewModel.swift */,
			);
			path = Statistic;
			sourceTree = "<group>";
		};
		8F8FA4092DC94B0B0024D01F /* ProfileFlow */ = {
			isa = PBXGroup;
			children = (
				8F8FA4052DC94B0B0024D01F /* Profile */,
				8F8FA4082DC94B0B0024D01F /* Statistic */,
			);
			path = ProfileFlow;
			sourceTree = "<group>";
		};
		8F8FA40C2DC94B0B0024D01F /* SignIn */ = {
			isa = PBXGroup;
			children = (
				8F8FA40A2DC94B0B0024D01F /* SignInView.swift */,
				8F8FA40B2DC94B0B0024D01F /* SignInViewModel.swift */,
			);
			path = SignIn;
			sourceTree = "<group>";
		};
		8F8FA40F2DC94B0B0024D01F /* SignUp */ = {
			isa = PBXGroup;
			children = (
				8F8FA40D2DC94B0B0024D01F /* SignUpView.swift */,
				8F8FA40E2DC94B0B0024D01F /* SignUpViewModel.swift */,
			);
			path = SignUp;
			sourceTree = "<group>";
		};
		8F8FA4102DC94B0B0024D01F /* AuthFlow */ = {
			isa = PBXGroup;
			children = (
				8F8FA40C2DC94B0B0024D01F /* SignIn */,
				8F8FA40F2DC94B0B0024D01F /* SignUp */,
			);
			path = AuthFlow;
			sourceTree = "<group>";
		};
		8F8FA4132DC94B0B0024D01F /* LessonsList */ = {
			isa = PBXGroup;
			children = (
				8F8FA4112DC94B0B0024D01F /* LessonsListView.swift */,
				8F8FA4122DC94B0B0024D01F /* LessonsListViewModel.swift */,
			);
			path = LessonsList;
			sourceTree = "<group>";
		};
		8F8FA4162DC94B0B0024D01F /* StartLesson */ = {
			isa = PBXGroup;
			children = (
				8F8FA4142DC94B0B0024D01F /* StartLessonView.swift */,
				8F8FA4152DC94B0B0024D01F /* StartLessonViewModel.swift */,
			);
			path = StartLesson;
			sourceTree = "<group>";
		};
		8F8FA4172DC94B0B0024D01F /* LearnFlow */ = {
			isa = PBXGroup;
			children = (
				8FDC379A2E0C0AAA00F97004 /* ModulesList */,
				8FDC37A72E0C673600F97004 /* Module */,
				8F8FA4132DC94B0B0024D01F /* LessonsList */,
				8F8FA4162DC94B0B0024D01F /* StartLesson */,
			);
			path = LearnFlow;
			sourceTree = "<group>";
		};
		8F8FA41A2DC94B0B0024D01F /* EditLessonsList */ = {
			isa = PBXGroup;
			children = (
				8F8FA4182DC94B0B0024D01F /* EditLessonsListView.swift */,
				8F8FA4192DC94B0B0024D01F /* EditLessonsListViewModel.swift */,
			);
			path = EditLessonsList;
			sourceTree = "<group>";
		};
		8F8FA41D2DC94B0B0024D01F /* EditLesson */ = {
			isa = PBXGroup;
			children = (
				8F8FA41B2DC94B0B0024D01F /* EditLessonView.swift */,
				8F8FA41C2DC94B0B0024D01F /* EditLessonViewModel.swift */,
			);
			path = EditLesson;
			sourceTree = "<group>";
		};
		8F8FA41E2DC94B0B0024D01F /* EditFlow */ = {
			isa = PBXGroup;
			children = (
				8F8FA41A2DC94B0B0024D01F /* EditLessonsList */,
				8F8FA41D2DC94B0B0024D01F /* EditLesson */,
			);
			path = EditFlow;
			sourceTree = "<group>";
		};
		8F8FA41F2DC94B0B0024D01F /* Flows */ = {
			isa = PBXGroup;
			children = (
				8F8FA4092DC94B0B0024D01F /* ProfileFlow */,
				8F8FA4102DC94B0B0024D01F /* AuthFlow */,
				8F8FA4172DC94B0B0024D01F /* LearnFlow */,
				8F8FA41E2DC94B0B0024D01F /* EditFlow */,
			);
			path = Flows;
			sourceTree = "<group>";
		};
		8F8FA4202DC94B0B0024D01F /* UI */ = {
			isa = PBXGroup;
			children = (
				8F8FA3F92DC94B0B0024D01F /* Common */,
				8F8FA4022DC94B0B0024D01F /* Base */,
				8F8FA41F2DC94B0B0024D01F /* Flows */,
			);
			path = UI;
			sourceTree = "<group>";
		};
		8F8FA44C2DCB78FC0024D01F /* CameraAndPhotoLibrary */ = {
			isa = PBXGroup;
			children = (
				8F8FA4482DCB73D80024D01F /* ImagePickerView.swift */,
				8F8FA44F2DCB7C890024D01F /* ImageSourcePickerView.swift */,
				8F8FA4512DCB7D230024D01F /* UserProfileImageView.swift */,
			);
			path = CameraAndPhotoLibrary;
			sourceTree = "<group>";
		};
		8F9000562CAD5874005C7822 = {
			isa = PBXGroup;
			children = (
				8F9000612CAD5874005C7822 /* Matchermind */,
				8F9000732CAD5876005C7822 /* MatchermindTests */,
				8F90007D2CAD5876005C7822 /* MatchermindUITests */,
				8F9000602CAD5874005C7822 /* Products */,
				8F9000902CAD7EF0005C7822 /* Frameworks */,
			);
			sourceTree = "<group>";
		};
		8F9000602CAD5874005C7822 /* Products */ = {
			isa = PBXGroup;
			children = (
				8F90005F2CAD5874005C7822 /* Matchermind.app */,
				8F9000702CAD5876005C7822 /* MatchermindTests.xctest */,
				8F90007A2CAD5876005C7822 /* MatchermindUITests.xctest */,
			);
			name = Products;
			sourceTree = "<group>";
		};
		8F9000612CAD5874005C7822 /* Matchermind */ = {
			isa = PBXGroup;
			children = (
				8F8FA43E2DCA9B850024D01F /* Info.plist */,
				8F8FA3DB2DC93F4E0024D01F /* Models */,
				8F8FA3E92DC94A5D0024D01F /* Routes */,
				8F8FA4202DC94B0B0024D01F /* UI */,
				8F8FA3F32DC94AD10024D01F /* Services */,
				8F9000622CAD5874005C7822 /* MatchermindApp.swift */,
				8F383D972CB51C3800E87429 /* Extensions */,
				8F8FA3E22DC949C60024D01F /* Helpers */,
				8F9000662CAD5876005C7822 /* Assets.xcassets */,
				8F8FA43C2DCA97810024D01F /* GoogleService-Info.plist */,
				8F9000682CAD5876005C7822 /* Matchermind.entitlements */,
				8F9000692CAD5876005C7822 /* Preview Content */,
			);
			path = Matchermind;
			sourceTree = "<group>";
		};
		8F9000692CAD5876005C7822 /* Preview Content */ = {
			isa = PBXGroup;
			children = (
				8F90006A2CAD5876005C7822 /* Preview Assets.xcassets */,
			);
			path = "Preview Content";
			sourceTree = "<group>";
		};
		8F9000732CAD5876005C7822 /* MatchermindTests */ = {
			isa = PBXGroup;
			children = (
				8F9000742CAD5876005C7822 /* MatchermindTests.swift */,
			);
			path = MatchermindTests;
			sourceTree = "<group>";
		};
		8F90007D2CAD5876005C7822 /* MatchermindUITests */ = {
			isa = PBXGroup;
			children = (
				8F90007E2CAD5876005C7822 /* MatchermindUITests.swift */,
				8F9000802CAD5876005C7822 /* MatchermindUITestsLaunchTests.swift */,
			);
			path = MatchermindUITests;
			sourceTree = "<group>";
		};
		8F9000902CAD7EF0005C7822 /* Frameworks */ = {
			isa = PBXGroup;
			children = (
			);
			name = Frameworks;
			sourceTree = "<group>";
		};
		8FDC37932E041AB700F97004 /* DataService */ = {
			isa = PBXGroup;
			children = (
				8FDC37942E041AD000F97004 /* DataServiceProtocol.swift */,
				8FDC37962E043FCA00F97004 /* FirebaseDataService.swift */,
				8FDC37982E04411800F97004 /* MocDataService.swift */,
			);
			path = DataService;
			sourceTree = "<group>";
		};
		8FDC379A2E0C0AAA00F97004 /* ModulesList */ = {
			isa = PBXGroup;
			children = (
				8FDC379D2E0C167100F97004 /* ModulesListView.swift */,
				8FDC379B2E0C0B3A00F97004 /* ModulesListViewModel.swift */,
				8FDC37A52E0C42AD00F97004 /* ModuleListRow.swift */,
			);
			path = ModulesList;
			sourceTree = "<group>";
		};
		8FDC37A72E0C673600F97004 /* Module */ = {
			isa = PBXGroup;
			children = (
				8FDC37AA2E0C742000F97004 /* ModuleView.swift */,
				8FDC37A82E0C687700F97004 /* ModuleViewModel.swift */,
			);
			path = Module;
			sourceTree = "<group>";
		};
		8FDC37B02E103A0200F97004 /* ErrorManager */ = {
			isa = PBXGroup;
			children = (
				8F383D722CB0414B00E87429 /* ErrorManager.swift */,
			);
			path = ErrorManager;
			sourceTree = "<group>";
		};
/* End PBXGroup section */

/* Begin PBXNativeTarget section */
		8F90005E2CAD5874005C7822 /* Matchermind */ = {
			isa = PBXNativeTarget;
			buildConfigurationList = 8F9000842CAD5876005C7822 /* Build configuration list for PBXNativeTarget "Matchermind" */;
			buildPhases = (
				8F90005B2CAD5874005C7822 /* Sources */,
				8F90005C2CAD5874005C7822 /* Frameworks */,
				8F90005D2CAD5874005C7822 /* Resources */,
			);
			buildRules = (
			);
			dependencies = (
			);
			name = Matchermind;
			packageProductDependencies = (
				8F9000912CAD7EF0005C7822 /* FirebaseAuth */,
				8F9000932CAD7F00005C7822 /* FirebaseFirestore */,
				8F8FA4402DCAB3240024D01F /* GoogleSignIn */,
				8F8FA4422DCAB3240024D01F /* GoogleSignInSwift */,
				8F8FA44A2DCB78500024D01F /* FirebaseStorage */,
				8F560AB42DCC06470019A934 /* SDWebImageSwiftUI */,
			);
			productName = Matchermind;
			productReference = 8F90005F2CAD5874005C7822 /* Matchermind.app */;
			productType = "com.apple.product-type.application";
		};
		8F90006F2CAD5876005C7822 /* MatchermindTests */ = {
			isa = PBXNativeTarget;
			buildConfigurationList = 8F9000872CAD5876005C7822 /* Build configuration list for PBXNativeTarget "MatchermindTests" */;
			buildPhases = (
				8F90006C2CAD5876005C7822 /* Sources */,
				8F90006D2CAD5876005C7822 /* Frameworks */,
				8F90006E2CAD5876005C7822 /* Resources */,
			);
			buildRules = (
			);
			dependencies = (
				8F9000722CAD5876005C7822 /* PBXTargetDependency */,
			);
			name = MatchermindTests;
			productName = MatchermindTests;
			productReference = 8F9000702CAD5876005C7822 /* MatchermindTests.xctest */;
			productType = "com.apple.product-type.bundle.unit-test";
		};
		8F9000792CAD5876005C7822 /* MatchermindUITests */ = {
			isa = PBXNativeTarget;
			buildConfigurationList = 8F90008A2CAD5876005C7822 /* Build configuration list for PBXNativeTarget "MatchermindUITests" */;
			buildPhases = (
				8F9000762CAD5876005C7822 /* Sources */,
				8F9000772CAD5876005C7822 /* Frameworks */,
				8F9000782CAD5876005C7822 /* Resources */,
			);
			buildRules = (
			);
			dependencies = (
				8F90007C2CAD5876005C7822 /* PBXTargetDependency */,
			);
			name = MatchermindUITests;
			productName = MatchermindUITests;
			productReference = 8F90007A2CAD5876005C7822 /* MatchermindUITests.xctest */;
			productType = "com.apple.product-type.bundle.ui-testing";
		};
/* End PBXNativeTarget section */

/* Begin PBXProject section */
		8F9000572CAD5874005C7822 /* Project object */ = {
			isa = PBXProject;
			attributes = {
				BuildIndependentTargetsInParallel = 1;
				LastSwiftUpdateCheck = 1540;
				LastUpgradeCheck = 1540;
				TargetAttributes = {
					8F90005E2CAD5874005C7822 = {
						CreatedOnToolsVersion = 15.4;
					};
					8F90006F2CAD5876005C7822 = {
						CreatedOnToolsVersion = 15.4;
						TestTargetID = 8F90005E2CAD5874005C7822;
					};
					8F9000792CAD5876005C7822 = {
						CreatedOnToolsVersion = 15.4;
						TestTargetID = 8F90005E2CAD5874005C7822;
					};
				};
			};
			buildConfigurationList = 8F90005A2CAD5874005C7822 /* Build configuration list for PBXProject "Matchermind" */;
			compatibilityVersion = "Xcode 14.0";
			developmentRegion = en;
			hasScannedForEncodings = 0;
			knownRegions = (
				en,
				Base,
			);
			mainGroup = 8F9000562CAD5874005C7822;
			packageReferences = (
				8F90008F2CAD794C005C7822 /* XCRemoteSwiftPackageReference "firebase-ios-sdk" */,
				8F8FA43F2DCAB3240024D01F /* XCRemoteSwiftPackageReference "GoogleSignIn-iOS" */,
				8F8FA4532DCBEF810024D01F /* XCRemoteSwiftPackageReference "SDWebImageSwiftUI" */,
			);
			productRefGroup = 8F9000602CAD5874005C7822 /* Products */;
			projectDirPath = "";
			projectRoot = "";
			targets = (
				8F90005E2CAD5874005C7822 /* Matchermind */,
				8F90006F2CAD5876005C7822 /* MatchermindTests */,
				8F9000792CAD5876005C7822 /* MatchermindUITests */,
			);
		};
/* End PBXProject section */

/* Begin PBXResourcesBuildPhase section */
		8F90005D2CAD5874005C7822 /* Resources */ = {
			isa = PBXResourcesBuildPhase;
			buildActionMask = 2147483647;
			files = (
				8F90006B2CAD5876005C7822 /* Preview Assets.xcassets in Resources */,
				8F9000672CAD5876005C7822 /* Assets.xcassets in Resources */,
				8F8FA43D2DCA97810024D01F /* GoogleService-Info.plist in Resources */,
			);
			runOnlyForDeploymentPostprocessing = 0;
		};
		8F90006E2CAD5876005C7822 /* Resources */ = {
			isa = PBXResourcesBuildPhase;
			buildActionMask = 2147483647;
			files = (
			);
			runOnlyForDeploymentPostprocessing = 0;
		};
		8F9000782CAD5876005C7822 /* Resources */ = {
			isa = PBXResourcesBuildPhase;
			buildActionMask = 2147483647;
			files = (
			);
			runOnlyForDeploymentPostprocessing = 0;
		};
/* End PBXResourcesBuildPhase section */

/* Begin PBXSourcesBuildPhase section */
		8F90005B2CAD5874005C7822 /* Sources */ = {
			isa = PBXSourcesBuildPhase;
			buildActionMask = 2147483647;
			files = (
				8F9A42E52CB96A08007B4D48 /* TopicPreload.swift in Sources */,
				8F560ABA2DE8649C0019A934 /* StorageService.swift in Sources */,
				8F9A42DD2CB96076007B4D48 /* ModulePreload.swift in Sources */,
				8FDC37AB2E0C742000F97004 /* ModuleView.swift in Sources */,
				8F383D832CB3007A00E87429 /* TestfieldStyles.swift in Sources */,
				8F9A42E72CB96A5F007B4D48 /* Topic.swift in Sources */,
				8F8FA3F42DC94AD10024D01F /* AuthService.swift in Sources */,
				8F8FA3F52DC94AD10024D01F /* MockAuthService.swift in Sources */,
				8F8FA3F62DC94AD10024D01F /* DataManager.swift in Sources */,
				8FDC379E2E0C167100F97004 /* ModulesListView.swift in Sources */,
				8F383D8C2CB34E0900E87429 /* ButtonStyles.swift in Sources */,
				8F8FA3E32DC949C60024D01F /* PreviewHelpers.swift in Sources */,
				8FDC379C2E0C0B3A00F97004 /* ModulesListViewModel.swift in Sources */,
				8F9A42E32CB969A0007B4D48 /* LearnedWord.swift in Sources */,
				8F8FA4452DCB4E610024D01F /* AppleSignInMocButton.swift in Sources */,
				8F8FA4392DCA44180024D01F /* FirebaseAuthService.swift in Sources */,
				8F8FA4492DCB73D80024D01F /* ImagePickerView.swift in Sources */,
				8F9A42E12CB96945007B4D48 /* WordPair.swift in Sources */,
				8F383D852CB30C7C00E87429 /* DefaultTextField.swift in Sources */,
				8F383D732CB0414B00E87429 /* ErrorManager.swift in Sources */,
				8FDC37A92E0C687700F97004 /* ModuleViewModel.swift in Sources */,
				8FDC37972E043FCA00F97004 /* FirebaseDataService.swift in Sources */,
				8F8FA3EA2DC94A5D0024D01F /* EditFlow.swift in Sources */,
				8F8FA4212DC94B0B0024D01F /* StartLessonView.swift in Sources */,
				8F8FA4222DC94B0B0024D01F /* MainTabView.swift in Sources */,
				8F560ABD2DE86D750019A934 /* FirebaseStorageService.swift in Sources */,
				8F8FA4232DC94B0B0024D01F /* EditLessonViewModel.swift in Sources */,
				8F8FA4242DC94B0B0024D01F /* TabItem.swift in Sources */,
				8F8FA4522DCB7D230024D01F /* UserProfileImageView.swift in Sources */,
				8F8FA4252DC94B0B0024D01F /* SignUpViewModel.swift in Sources */,
				8F8FA4262DC94B0B0024D01F /* SignInView.swift in Sources */,
				8F8FA4272DC94B0B0024D01F /* EditLessonView.swift in Sources */,
				8F8FA4282DC94B0B0024D01F /* EditLessonsListViewModel.swift in Sources */,
				8F8FA4292DC94B0B0024D01F /* ProfileViewModel.swift in Sources */,
				8F8FA42A2DC94B0B0024D01F /* LessonsListView.swift in Sources */,
				8F8FA42B2DC94B0B0024D01F /* AppRootViewModel.swift in Sources */,
				8F8FA4502DCB7C890024D01F /* ImageSourcePickerView.swift in Sources */,
				8F8FA42C2DC94B0B0024D01F /* SignInViewModel.swift in Sources */,
				8F8FA42D2DC94B0B0024D01F /* EditLessonsListView.swift in Sources */,
				8F8FA42E2DC94B0B0024D01F /* BaseViewModels.swift in Sources */,
				8F8FA42F2DC94B0B0024D01F /* StartLessonViewModel.swift in Sources */,
				8F8FA4312DC94B0B0024D01F /* UserStatisticsViewModel.swift in Sources */,
				8F8FA4322DC94B0B0024D01F /* SignUpView.swift in Sources */,
				8F8FA4332DC94B0B0024D01F /* AppRootView.swift in Sources */,
				8FDC37A62E0C42AD00F97004 /* ModuleListRow.swift in Sources */,
				8FDC37992E04411800F97004 /* MocDataService.swift in Sources */,
				8F8FA4342DC94B0B0024D01F /* ProfileView.swift in Sources */,
				8F8FA4352DC94B0B0024D01F /* UserStatisticsView.swift in Sources */,
				8F8FA4362DC94B0B0024D01F /* MainTabViewModel.swift in Sources */,
				8F8FA4372DC94B0B0024D01F /* LessonsListViewModel.swift in Sources */,
				8F8FA3EB2DC94A5D0024D01F /* LearnFlow.swift in Sources */,
				8F8FA3EC2DC94A5D0024D01F /* AuthFlow.swift in Sources */,
				8F8FA3ED2DC94A5D0024D01F /* ProfileFlow.swift in Sources */,
				8FDC37922E04125200F97004 /* ExerciseProgress.swift in Sources */,
				8FDC37952E041AD000F97004 /* DataServiceProtocol.swift in Sources */,
				8F8FA3EE2DC94A5D0024D01F /* AppRouter.swift in Sources */,
				8F9A42E92CB96ADD007B4D48 /* Module.swift in Sources */,
				8F383D992CB51C6A00E87429 /* Image+ImageName.swift in Sources */,
				8F9A42DF2CB968DF007B4D48 /* Exercise.swift in Sources */,
				8F8FA3DC2DC93F4E0024D01F /* MocLesson.swift in Sources */,
				8F8FA3DD2DC93F4E0024D01F /* User.swift in Sources */,
				8F9000632CAD5874005C7822 /* MatchermindApp.swift in Sources */,
			);
			runOnlyForDeploymentPostprocessing = 0;
		};
		8F90006C2CAD5876005C7822 /* Sources */ = {
			isa = PBXSourcesBuildPhase;
			buildActionMask = 2147483647;
			files = (
				8F9000752CAD5876005C7822 /* MatchermindTests.swift in Sources */,
			);
			runOnlyForDeploymentPostprocessing = 0;
		};
		8F9000762CAD5876005C7822 /* Sources */ = {
			isa = PBXSourcesBuildPhase;
			buildActionMask = 2147483647;
			files = (
				8F90007F2CAD5876005C7822 /* MatchermindUITests.swift in Sources */,
				8F9000812CAD5876005C7822 /* MatchermindUITestsLaunchTests.swift in Sources */,
			);
			runOnlyForDeploymentPostprocessing = 0;
		};
/* End PBXSourcesBuildPhase section */

/* Begin PBXTargetDependency section */
		8F9000722CAD5876005C7822 /* PBXTargetDependency */ = {
			isa = PBXTargetDependency;
			target = 8F90005E2CAD5874005C7822 /* Matchermind */;
			targetProxy = 8F9000712CAD5876005C7822 /* PBXContainerItemProxy */;
		};
		8F90007C2CAD5876005C7822 /* PBXTargetDependency */ = {
			isa = PBXTargetDependency;
			target = 8F90005E2CAD5874005C7822 /* Matchermind */;
			targetProxy = 8F90007B2CAD5876005C7822 /* PBXContainerItemProxy */;
		};
/* End PBXTargetDependency section */

/* Begin XCBuildConfiguration section */
		8F9000822CAD5876005C7822 /* Debug */ = {
			isa = XCBuildConfiguration;
			buildSettings = {
				ALWAYS_SEARCH_USER_PATHS = NO;
				ASSETCATALOG_COMPILER_GENERATE_SWIFT_ASSET_SYMBOL_EXTENSIONS = YES;
				CLANG_ANALYZER_NONNULL = YES;
				CLANG_ANALYZER_NUMBER_OBJECT_CONVERSION = YES_AGGRESSIVE;
				CLANG_CXX_LANGUAGE_STANDARD = "gnu++20";
				CLANG_ENABLE_MODULES = YES;
				CLANG_ENABLE_OBJC_ARC = YES;
				CLANG_ENABLE_OBJC_WEAK = YES;
				CLANG_WARN_BLOCK_CAPTURE_AUTORELEASING = YES;
				CLANG_WARN_BOOL_CONVERSION = YES;
				CLANG_WARN_COMMA = YES;
				CLANG_WARN_CONSTANT_CONVERSION = YES;
				CLANG_WARN_DEPRECATED_OBJC_IMPLEMENTATIONS = YES;
				CLANG_WARN_DIRECT_OBJC_ISA_USAGE = YES_ERROR;
				CLANG_WARN_DOCUMENTATION_COMMENTS = YES;
				CLANG_WARN_EMPTY_BODY = YES;
				CLANG_WARN_ENUM_CONVERSION = YES;
				CLANG_WARN_INFINITE_RECURSION = YES;
				CLANG_WARN_INT_CONVERSION = YES;
				CLANG_WARN_NON_LITERAL_NULL_CONVERSION = YES;
				CLANG_WARN_OBJC_IMPLICIT_RETAIN_SELF = YES;
				CLANG_WARN_OBJC_LITERAL_CONVERSION = YES;
				CLANG_WARN_OBJC_ROOT_CLASS = YES_ERROR;
				CLANG_WARN_QUOTED_INCLUDE_IN_FRAMEWORK_HEADER = YES;
				CLANG_WARN_RANGE_LOOP_ANALYSIS = YES;
				CLANG_WARN_STRICT_PROTOTYPES = YES;
				CLANG_WARN_SUSPICIOUS_MOVE = YES;
				CLANG_WARN_UNGUARDED_AVAILABILITY = YES_AGGRESSIVE;
				CLANG_WARN_UNREACHABLE_CODE = YES;
				CLANG_WARN__DUPLICATE_METHOD_MATCH = YES;
				COPY_PHASE_STRIP = NO;
				DEBUG_INFORMATION_FORMAT = dwarf;
				ENABLE_STRICT_OBJC_MSGSEND = YES;
				ENABLE_TESTABILITY = YES;
				ENABLE_USER_SCRIPT_SANDBOXING = YES;
				GCC_C_LANGUAGE_STANDARD = gnu17;
				GCC_DYNAMIC_NO_PIC = NO;
				GCC_NO_COMMON_BLOCKS = YES;
				GCC_OPTIMIZATION_LEVEL = 0;
				GCC_PREPROCESSOR_DEFINITIONS = (
					"DEBUG=1",
					"$(inherited)",
				);
				GCC_WARN_64_TO_32_BIT_CONVERSION = YES;
				GCC_WARN_ABOUT_RETURN_TYPE = YES_ERROR;
				GCC_WARN_UNDECLARED_SELECTOR = YES;
				GCC_WARN_UNINITIALIZED_AUTOS = YES_AGGRESSIVE;
				GCC_WARN_UNUSED_FUNCTION = YES;
				GCC_WARN_UNUSED_VARIABLE = YES;
				LOCALIZATION_PREFERS_STRING_CATALOGS = YES;
				MTL_ENABLE_DEBUG_INFO = INCLUDE_SOURCE;
				MTL_FAST_MATH = YES;
				ONLY_ACTIVE_ARCH = YES;
				SWIFT_ACTIVE_COMPILATION_CONDITIONS = "DEBUG $(inherited)";
				SWIFT_OPTIMIZATION_LEVEL = "-Onone";
			};
			name = Debug;
		};
		8F9000832CAD5876005C7822 /* Release */ = {
			isa = XCBuildConfiguration;
			buildSettings = {
				ALWAYS_SEARCH_USER_PATHS = NO;
				ASSETCATALOG_COMPILER_GENERATE_SWIFT_ASSET_SYMBOL_EXTENSIONS = YES;
				CLANG_ANALYZER_NONNULL = YES;
				CLANG_ANALYZER_NUMBER_OBJECT_CONVERSION = YES_AGGRESSIVE;
				CLANG_CXX_LANGUAGE_STANDARD = "gnu++20";
				CLANG_ENABLE_MODULES = YES;
				CLANG_ENABLE_OBJC_ARC = YES;
				CLANG_ENABLE_OBJC_WEAK = YES;
				CLANG_WARN_BLOCK_CAPTURE_AUTORELEASING = YES;
				CLANG_WARN_BOOL_CONVERSION = YES;
				CLANG_WARN_COMMA = YES;
				CLANG_WARN_CONSTANT_CONVERSION = YES;
				CLANG_WARN_DEPRECATED_OBJC_IMPLEMENTATIONS = YES;
				CLANG_WARN_DIRECT_OBJC_ISA_USAGE = YES_ERROR;
				CLANG_WARN_DOCUMENTATION_COMMENTS = YES;
				CLANG_WARN_EMPTY_BODY = YES;
				CLANG_WARN_ENUM_CONVERSION = YES;
				CLANG_WARN_INFINITE_RECURSION = YES;
				CLANG_WARN_INT_CONVERSION = YES;
				CLANG_WARN_NON_LITERAL_NULL_CONVERSION = YES;
				CLANG_WARN_OBJC_IMPLICIT_RETAIN_SELF = YES;
				CLANG_WARN_OBJC_LITERAL_CONVERSION = YES;
				CLANG_WARN_OBJC_ROOT_CLASS = YES_ERROR;
				CLANG_WARN_QUOTED_INCLUDE_IN_FRAMEWORK_HEADER = YES;
				CLANG_WARN_RANGE_LOOP_ANALYSIS = YES;
				CLANG_WARN_STRICT_PROTOTYPES = YES;
				CLANG_WARN_SUSPICIOUS_MOVE = YES;
				CLANG_WARN_UNGUARDED_AVAILABILITY = YES_AGGRESSIVE;
				CLANG_WARN_UNREACHABLE_CODE = YES;
				CLANG_WARN__DUPLICATE_METHOD_MATCH = YES;
				COPY_PHASE_STRIP = NO;
				DEBUG_INFORMATION_FORMAT = "dwarf-with-dsym";
				ENABLE_NS_ASSERTIONS = NO;
				ENABLE_STRICT_OBJC_MSGSEND = YES;
				ENABLE_USER_SCRIPT_SANDBOXING = YES;
				GCC_C_LANGUAGE_STANDARD = gnu17;
				GCC_NO_COMMON_BLOCKS = YES;
				GCC_WARN_64_TO_32_BIT_CONVERSION = YES;
				GCC_WARN_ABOUT_RETURN_TYPE = YES_ERROR;
				GCC_WARN_UNDECLARED_SELECTOR = YES;
				GCC_WARN_UNINITIALIZED_AUTOS = YES_AGGRESSIVE;
				GCC_WARN_UNUSED_FUNCTION = YES;
				GCC_WARN_UNUSED_VARIABLE = YES;
				LOCALIZATION_PREFERS_STRING_CATALOGS = YES;
				MTL_ENABLE_DEBUG_INFO = NO;
				MTL_FAST_MATH = YES;
				SWIFT_COMPILATION_MODE = wholemodule;
			};
			name = Release;
		};
		8F9000852CAD5876005C7822 /* Debug */ = {
			isa = XCBuildConfiguration;
			buildSettings = {
				ASSETCATALOG_COMPILER_APPICON_NAME = AppIcon;
				ASSETCATALOG_COMPILER_GLOBAL_ACCENT_COLOR_NAME = AccentColor;
				CODE_SIGN_ENTITLEMENTS = Matchermind/Matchermind.entitlements;
				CODE_SIGN_STYLE = Automatic;
				CURRENT_PROJECT_VERSION = 1;
				DEVELOPMENT_ASSET_PATHS = "\"Matchermind/Preview Content\"";
				DEVELOPMENT_TEAM = 7C8K3NAH2H;
				ENABLE_HARDENED_RUNTIME = YES;
				ENABLE_PREVIEWS = YES;
				GENERATE_INFOPLIST_FILE = YES;
				INFOPLIST_FILE = Matchermind/Info.plist;
				"INFOPLIST_KEY_UIApplicationSceneManifest_Generation[sdk=iphoneos*]" = YES;
				"INFOPLIST_KEY_UIApplicationSceneManifest_Generation[sdk=iphonesimulator*]" = YES;
				"INFOPLIST_KEY_UIApplicationSupportsIndirectInputEvents[sdk=iphoneos*]" = YES;
				"INFOPLIST_KEY_UIApplicationSupportsIndirectInputEvents[sdk=iphonesimulator*]" = YES;
				"INFOPLIST_KEY_UILaunchScreen_Generation[sdk=iphoneos*]" = YES;
				"INFOPLIST_KEY_UILaunchScreen_Generation[sdk=iphonesimulator*]" = YES;
				"INFOPLIST_KEY_UIStatusBarStyle[sdk=iphoneos*]" = UIStatusBarStyleDefault;
				"INFOPLIST_KEY_UIStatusBarStyle[sdk=iphonesimulator*]" = UIStatusBarStyleDefault;
				INFOPLIST_KEY_UISupportedInterfaceOrientations_iPad = "UIInterfaceOrientationPortrait UIInterfaceOrientationPortraitUpsideDown UIInterfaceOrientationLandscapeLeft UIInterfaceOrientationLandscapeRight";
				INFOPLIST_KEY_UISupportedInterfaceOrientations_iPhone = "UIInterfaceOrientationPortrait UIInterfaceOrientationLandscapeLeft UIInterfaceOrientationLandscapeRight";
				IPHONEOS_DEPLOYMENT_TARGET = 17.0;
				LD_RUNPATH_SEARCH_PATHS = "@executable_path/Frameworks";
				"LD_RUNPATH_SEARCH_PATHS[sdk=macosx*]" = "@executable_path/../Frameworks";
				MACOSX_DEPLOYMENT_TARGET = 14.5;
				MARKETING_VERSION = 1.0;
				PRODUCT_BUNDLE_IDENTIFIER = sergemi.Matchermind;
				PRODUCT_NAME = "$(TARGET_NAME)";
				SDKROOT = auto;
				SUPPORTED_PLATFORMS = "iphoneos iphonesimulator macosx";
				SUPPORTS_MACCATALYST = NO;
				SUPPORTS_MAC_DESIGNED_FOR_IPHONE_IPAD = YES;
				SWIFT_EMIT_LOC_STRINGS = YES;
				SWIFT_VERSION = 5.0;
				TARGETED_DEVICE_FAMILY = "1,2";
			};
			name = Debug;
		};
		8F9000862CAD5876005C7822 /* Release */ = {
			isa = XCBuildConfiguration;
			buildSettings = {
				ASSETCATALOG_COMPILER_APPICON_NAME = AppIcon;
				ASSETCATALOG_COMPILER_GLOBAL_ACCENT_COLOR_NAME = AccentColor;
				CODE_SIGN_ENTITLEMENTS = Matchermind/Matchermind.entitlements;
				CODE_SIGN_STYLE = Automatic;
				CURRENT_PROJECT_VERSION = 1;
				DEVELOPMENT_ASSET_PATHS = "\"Matchermind/Preview Content\"";
				DEVELOPMENT_TEAM = 7C8K3NAH2H;
				ENABLE_HARDENED_RUNTIME = YES;
				ENABLE_PREVIEWS = YES;
				GENERATE_INFOPLIST_FILE = YES;
				INFOPLIST_FILE = Matchermind/Info.plist;
				"INFOPLIST_KEY_UIApplicationSceneManifest_Generation[sdk=iphoneos*]" = YES;
				"INFOPLIST_KEY_UIApplicationSceneManifest_Generation[sdk=iphonesimulator*]" = YES;
				"INFOPLIST_KEY_UIApplicationSupportsIndirectInputEvents[sdk=iphoneos*]" = YES;
				"INFOPLIST_KEY_UIApplicationSupportsIndirectInputEvents[sdk=iphonesimulator*]" = YES;
				"INFOPLIST_KEY_UILaunchScreen_Generation[sdk=iphoneos*]" = YES;
				"INFOPLIST_KEY_UILaunchScreen_Generation[sdk=iphonesimulator*]" = YES;
				"INFOPLIST_KEY_UIStatusBarStyle[sdk=iphoneos*]" = UIStatusBarStyleDefault;
				"INFOPLIST_KEY_UIStatusBarStyle[sdk=iphonesimulator*]" = UIStatusBarStyleDefault;
				INFOPLIST_KEY_UISupportedInterfaceOrientations_iPad = "UIInterfaceOrientationPortrait UIInterfaceOrientationPortraitUpsideDown UIInterfaceOrientationLandscapeLeft UIInterfaceOrientationLandscapeRight";
				INFOPLIST_KEY_UISupportedInterfaceOrientations_iPhone = "UIInterfaceOrientationPortrait UIInterfaceOrientationLandscapeLeft UIInterfaceOrientationLandscapeRight";
				IPHONEOS_DEPLOYMENT_TARGET = 17.0;
				LD_RUNPATH_SEARCH_PATHS = "@executable_path/Frameworks";
				"LD_RUNPATH_SEARCH_PATHS[sdk=macosx*]" = "@executable_path/../Frameworks";
				MACOSX_DEPLOYMENT_TARGET = 14.5;
				MARKETING_VERSION = 1.0;
				PRODUCT_BUNDLE_IDENTIFIER = sergemi.Matchermind;
				PRODUCT_NAME = "$(TARGET_NAME)";
				SDKROOT = auto;
				SUPPORTED_PLATFORMS = "iphoneos iphonesimulator macosx";
				SUPPORTS_MACCATALYST = NO;
				SUPPORTS_MAC_DESIGNED_FOR_IPHONE_IPAD = YES;
				SWIFT_EMIT_LOC_STRINGS = YES;
				SWIFT_VERSION = 5.0;
				TARGETED_DEVICE_FAMILY = "1,2";
			};
			name = Release;
		};
		8F9000882CAD5876005C7822 /* Debug */ = {
			isa = XCBuildConfiguration;
			buildSettings = {
				ALWAYS_EMBED_SWIFT_STANDARD_LIBRARIES = YES;
				BUNDLE_LOADER = "$(TEST_HOST)";
				CODE_SIGN_STYLE = Automatic;
				CURRENT_PROJECT_VERSION = 1;
				DEVELOPMENT_TEAM = 7C8K3NAH2H;
				GENERATE_INFOPLIST_FILE = YES;
				IPHONEOS_DEPLOYMENT_TARGET = 17.5;
				MACOSX_DEPLOYMENT_TARGET = 14.5;
				MARKETING_VERSION = 1.0;
				PRODUCT_BUNDLE_IDENTIFIER = sergemi.MatchermindTests;
				PRODUCT_NAME = "$(TARGET_NAME)";
				SDKROOT = auto;
				SUPPORTED_PLATFORMS = "iphoneos iphonesimulator macosx";
				SWIFT_EMIT_LOC_STRINGS = NO;
				SWIFT_VERSION = 5.0;
				TARGETED_DEVICE_FAMILY = "1,2";
				TEST_HOST = "$(BUILT_PRODUCTS_DIR)/Matchermind.app/$(BUNDLE_EXECUTABLE_FOLDER_PATH)/Matchermind";
			};
			name = Debug;
		};
		8F9000892CAD5876005C7822 /* Release */ = {
			isa = XCBuildConfiguration;
			buildSettings = {
				ALWAYS_EMBED_SWIFT_STANDARD_LIBRARIES = YES;
				BUNDLE_LOADER = "$(TEST_HOST)";
				CODE_SIGN_STYLE = Automatic;
				CURRENT_PROJECT_VERSION = 1;
				DEVELOPMENT_TEAM = 7C8K3NAH2H;
				GENERATE_INFOPLIST_FILE = YES;
				IPHONEOS_DEPLOYMENT_TARGET = 17.5;
				MACOSX_DEPLOYMENT_TARGET = 14.5;
				MARKETING_VERSION = 1.0;
				PRODUCT_BUNDLE_IDENTIFIER = sergemi.MatchermindTests;
				PRODUCT_NAME = "$(TARGET_NAME)";
				SDKROOT = auto;
				SUPPORTED_PLATFORMS = "iphoneos iphonesimulator macosx";
				SWIFT_EMIT_LOC_STRINGS = NO;
				SWIFT_VERSION = 5.0;
				TARGETED_DEVICE_FAMILY = "1,2";
				TEST_HOST = "$(BUILT_PRODUCTS_DIR)/Matchermind.app/$(BUNDLE_EXECUTABLE_FOLDER_PATH)/Matchermind";
			};
			name = Release;
		};
		8F90008B2CAD5876005C7822 /* Debug */ = {
			isa = XCBuildConfiguration;
			buildSettings = {
				ALWAYS_EMBED_SWIFT_STANDARD_LIBRARIES = YES;
				CODE_SIGN_STYLE = Automatic;
				CURRENT_PROJECT_VERSION = 1;
				DEVELOPMENT_TEAM = 7C8K3NAH2H;
				GENERATE_INFOPLIST_FILE = YES;
				IPHONEOS_DEPLOYMENT_TARGET = 17.5;
				MACOSX_DEPLOYMENT_TARGET = 14.5;
				MARKETING_VERSION = 1.0;
				PRODUCT_BUNDLE_IDENTIFIER = sergemi.MatchermindUITests;
				PRODUCT_NAME = "$(TARGET_NAME)";
				SDKROOT = auto;
				SUPPORTED_PLATFORMS = "iphoneos iphonesimulator macosx";
				SWIFT_EMIT_LOC_STRINGS = NO;
				SWIFT_VERSION = 5.0;
				TARGETED_DEVICE_FAMILY = "1,2";
				TEST_TARGET_NAME = Matchermind;
			};
			name = Debug;
		};
		8F90008C2CAD5876005C7822 /* Release */ = {
			isa = XCBuildConfiguration;
			buildSettings = {
				ALWAYS_EMBED_SWIFT_STANDARD_LIBRARIES = YES;
				CODE_SIGN_STYLE = Automatic;
				CURRENT_PROJECT_VERSION = 1;
				DEVELOPMENT_TEAM = 7C8K3NAH2H;
				GENERATE_INFOPLIST_FILE = YES;
				IPHONEOS_DEPLOYMENT_TARGET = 17.5;
				MACOSX_DEPLOYMENT_TARGET = 14.5;
				MARKETING_VERSION = 1.0;
				PRODUCT_BUNDLE_IDENTIFIER = sergemi.MatchermindUITests;
				PRODUCT_NAME = "$(TARGET_NAME)";
				SDKROOT = auto;
				SUPPORTED_PLATFORMS = "iphoneos iphonesimulator macosx";
				SWIFT_EMIT_LOC_STRINGS = NO;
				SWIFT_VERSION = 5.0;
				TARGETED_DEVICE_FAMILY = "1,2";
				TEST_TARGET_NAME = Matchermind;
			};
			name = Release;
		};
/* End XCBuildConfiguration section */

/* Begin XCConfigurationList section */
		8F90005A2CAD5874005C7822 /* Build configuration list for PBXProject "Matchermind" */ = {
			isa = XCConfigurationList;
			buildConfigurations = (
				8F9000822CAD5876005C7822 /* Debug */,
				8F9000832CAD5876005C7822 /* Release */,
			);
			defaultConfigurationIsVisible = 0;
			defaultConfigurationName = Release;
		};
		8F9000842CAD5876005C7822 /* Build configuration list for PBXNativeTarget "Matchermind" */ = {
			isa = XCConfigurationList;
			buildConfigurations = (
				8F9000852CAD5876005C7822 /* Debug */,
				8F9000862CAD5876005C7822 /* Release */,
			);
			defaultConfigurationIsVisible = 0;
			defaultConfigurationName = Release;
		};
		8F9000872CAD5876005C7822 /* Build configuration list for PBXNativeTarget "MatchermindTests" */ = {
			isa = XCConfigurationList;
			buildConfigurations = (
				8F9000882CAD5876005C7822 /* Debug */,
				8F9000892CAD5876005C7822 /* Release */,
			);
			defaultConfigurationIsVisible = 0;
			defaultConfigurationName = Release;
		};
		8F90008A2CAD5876005C7822 /* Build configuration list for PBXNativeTarget "MatchermindUITests" */ = {
			isa = XCConfigurationList;
			buildConfigurations = (
				8F90008B2CAD5876005C7822 /* Debug */,
				8F90008C2CAD5876005C7822 /* Release */,
			);
			defaultConfigurationIsVisible = 0;
			defaultConfigurationName = Release;
		};
/* End XCConfigurationList section */

/* Begin XCRemoteSwiftPackageReference section */
		8F8FA43F2DCAB3240024D01F /* XCRemoteSwiftPackageReference "GoogleSignIn-iOS" */ = {
			isa = XCRemoteSwiftPackageReference;
			repositoryURL = "https://github.com/google/GoogleSignIn-iOS";
			requirement = {
				kind = upToNextMajorVersion;
				minimumVersion = 8.0.0;
			};
		};
		8F8FA4532DCBEF810024D01F /* XCRemoteSwiftPackageReference "SDWebImageSwiftUI" */ = {
			isa = XCRemoteSwiftPackageReference;
			repositoryURL = "https://github.com/SDWebImage/SDWebImageSwiftUI";
			requirement = {
				kind = upToNextMajorVersion;
				minimumVersion = 3.1.3;
			};
		};
		8F90008F2CAD794C005C7822 /* XCRemoteSwiftPackageReference "firebase-ios-sdk" */ = {
			isa = XCRemoteSwiftPackageReference;
			repositoryURL = "https://github.com/firebase/firebase-ios-sdk";
			requirement = {
				kind = upToNextMajorVersion;
				minimumVersion = 11.3.0;
			};
		};
/* End XCRemoteSwiftPackageReference section */

/* Begin XCSwiftPackageProductDependency section */
		8F560AB42DCC06470019A934 /* SDWebImageSwiftUI */ = {
			isa = XCSwiftPackageProductDependency;
			package = 8F8FA4532DCBEF810024D01F /* XCRemoteSwiftPackageReference "SDWebImageSwiftUI" */;
			productName = SDWebImageSwiftUI;
		};
		8F8FA4402DCAB3240024D01F /* GoogleSignIn */ = {
			isa = XCSwiftPackageProductDependency;
			package = 8F8FA43F2DCAB3240024D01F /* XCRemoteSwiftPackageReference "GoogleSignIn-iOS" */;
			productName = GoogleSignIn;
		};
		8F8FA4422DCAB3240024D01F /* GoogleSignInSwift */ = {
			isa = XCSwiftPackageProductDependency;
			package = 8F8FA43F2DCAB3240024D01F /* XCRemoteSwiftPackageReference "GoogleSignIn-iOS" */;
			productName = GoogleSignInSwift;
		};
		8F8FA44A2DCB78500024D01F /* FirebaseStorage */ = {
			isa = XCSwiftPackageProductDependency;
			package = 8F90008F2CAD794C005C7822 /* XCRemoteSwiftPackageReference "firebase-ios-sdk" */;
			productName = FirebaseStorage;
		};
		8F9000912CAD7EF0005C7822 /* FirebaseAuth */ = {
			isa = XCSwiftPackageProductDependency;
			package = 8F90008F2CAD794C005C7822 /* XCRemoteSwiftPackageReference "firebase-ios-sdk" */;
			productName = FirebaseAuth;
		};
		8F9000932CAD7F00005C7822 /* FirebaseFirestore */ = {
			isa = XCSwiftPackageProductDependency;
			package = 8F90008F2CAD794C005C7822 /* XCRemoteSwiftPackageReference "firebase-ios-sdk" */;
			productName = FirebaseFirestore;
		};
/* End XCSwiftPackageProductDependency section */
	};
	rootObject = 8F9000572CAD5874005C7822 /* Project object */;
}
